// !$*UTF8*$!
{
	archiveVersion = 1;
	classes = {
	};
	objectVersion = 50;
	objects = {

/* Begin PBXBuildFile section */
		38000B312585CEFD00BED558 /* Bundle-decoder.swift in Sources */ = {isa = PBXBuildFile; fileRef = 38000B302585CEFD00BED558 /* Bundle-decoder.swift */; };
		38000B322585CEFD00BED558 /* Bundle-decoder.swift in Sources */ = {isa = PBXBuildFile; fileRef = 38000B302585CEFD00BED558 /* Bundle-decoder.swift */; };
		38000B402587F9DA00BED558 /* building-mini.json in Resources */ = {isa = PBXBuildFile; fileRef = 38000B3F2587F9DA00BED558 /* building-mini.json */; };
		38000B412587F9DA00BED558 /* building-mini.json in Resources */ = {isa = PBXBuildFile; fileRef = 38000B3F2587F9DA00BED558 /* building-mini.json */; };
		380044FB259E61940098A75C /* MonsterInstance+Previews.swift in Sources */ = {isa = PBXBuildFile; fileRef = 380044FA259E61940098A75C /* MonsterInstance+Previews.swift */; };
		380044FC259E61940098A75C /* MonsterInstance+Previews.swift in Sources */ = {isa = PBXBuildFile; fileRef = 380044FA259E61940098A75C /* MonsterInstance+Previews.swift */; };
		38004502259E93140098A75C /* MonsterInstanceSummaryView.swift in Sources */ = {isa = PBXBuildFile; fileRef = 38004501259E93140098A75C /* MonsterInstanceSummaryView.swift */; };
		38004503259E93140098A75C /* MonsterInstanceSummaryView.swift in Sources */ = {isa = PBXBuildFile; fileRef = 38004501259E93140098A75C /* MonsterInstanceSummaryView.swift */; };
		3818B168259D843F00CCE47E /* Skill+Previews.swift in Sources */ = {isa = PBXBuildFile; fileRef = 3818B167259D843F00CCE47E /* Skill+Previews.swift */; };
		3818B169259D843F00CCE47E /* Skill+Previews.swift in Sources */ = {isa = PBXBuildFile; fileRef = 3818B167259D843F00CCE47E /* Skill+Previews.swift */; };
		3848A414258D700C000809EF /* BestiaryView.swift in Sources */ = {isa = PBXBuildFile; fileRef = 3848A413258D700C000809EF /* BestiaryView.swift */; };
		3848A415258D700C000809EF /* BestiaryView.swift in Sources */ = {isa = PBXBuildFile; fileRef = 3848A413258D700C000809EF /* BestiaryView.swift */; };
		384A48F82575A074002E04CB /* Tests_iOS.swift in Sources */ = {isa = PBXBuildFile; fileRef = 384A48F72575A074002E04CB /* Tests_iOS.swift */; };
		384A49032575A074002E04CB /* Tests_macOS.swift in Sources */ = {isa = PBXBuildFile; fileRef = 384A49022575A074002E04CB /* Tests_macOS.swift */; };
		384A49052575A074002E04CB /* SummonerTasksApp.swift in Sources */ = {isa = PBXBuildFile; fileRef = 384A48DB2575A071002E04CB /* SummonerTasksApp.swift */; };
		384A49062575A074002E04CB /* SummonerTasksApp.swift in Sources */ = {isa = PBXBuildFile; fileRef = 384A48DB2575A071002E04CB /* SummonerTasksApp.swift */; };
		384A49072575A074002E04CB /* SummonerTasksDocument.swift in Sources */ = {isa = PBXBuildFile; fileRef = 384A48DC2575A071002E04CB /* SummonerTasksDocument.swift */; };
		384A49082575A074002E04CB /* SummonerTasksDocument.swift in Sources */ = {isa = PBXBuildFile; fileRef = 384A48DC2575A071002E04CB /* SummonerTasksDocument.swift */; };
		384A49092575A074002E04CB /* ContentView.swift in Sources */ = {isa = PBXBuildFile; fileRef = 384A48DD2575A071002E04CB /* ContentView.swift */; };
		384A490A2575A074002E04CB /* ContentView.swift in Sources */ = {isa = PBXBuildFile; fileRef = 384A48DD2575A071002E04CB /* ContentView.swift */; };
		384A490B2575A074002E04CB /* Assets.xcassets in Resources */ = {isa = PBXBuildFile; fileRef = 384A48DE2575A074002E04CB /* Assets.xcassets */; };
		384A490C2575A074002E04CB /* Assets.xcassets in Resources */ = {isa = PBXBuildFile; fileRef = 384A48DE2575A074002E04CB /* Assets.xcassets */; };
		384A496E2575A1ED002E04CB /* Persistence.swift in Sources */ = {isa = PBXBuildFile; fileRef = 384A496D2575A1ED002E04CB /* Persistence.swift */; };
		384A496F2575A1ED002E04CB /* Persistence.swift in Sources */ = {isa = PBXBuildFile; fileRef = 384A496D2575A1ED002E04CB /* Persistence.swift */; };
		384A49822575A3E1002E04CB /* SummonerTasks.xcdatamodeld in Sources */ = {isa = PBXBuildFile; fileRef = 384A49782575A359002E04CB /* SummonerTasks.xcdatamodeld */; };
		384A49872575A3E2002E04CB /* SummonerTasks.xcdatamodeld in Sources */ = {isa = PBXBuildFile; fileRef = 384A49782575A359002E04CB /* SummonerTasks.xcdatamodeld */; };
		384A499A2575A9DB002E04CB /* ModelEnums.swift in Sources */ = {isa = PBXBuildFile; fileRef = 384A49992575A9DB002E04CB /* ModelEnums.swift */; };
		384A499B2575A9DB002E04CB /* ModelEnums.swift in Sources */ = {isa = PBXBuildFile; fileRef = 384A49992575A9DB002E04CB /* ModelEnums.swift */; };
		38535E242582BCA9009411A1 /* bestiary_data.json.zip in Resources */ = {isa = PBXBuildFile; fileRef = 38535E232582BCA9009411A1 /* bestiary_data.json.zip */; };
		38535E252582BCA9009411A1 /* bestiary_data.json.zip in Resources */ = {isa = PBXBuildFile; fileRef = 38535E232582BCA9009411A1 /* bestiary_data.json.zip */; };
		38535E2C25832E95009411A1 /* BJr5.swift in Sources */ = {isa = PBXBuildFile; fileRef = 38535E2B25832E95009411A1 /* BJr5.swift */; };
		38535E2D25832E95009411A1 /* BJr5.swift in Sources */ = {isa = PBXBuildFile; fileRef = 38535E2B25832E95009411A1 /* BJr5.swift */; };
		38535E3725833145009411A1 /* Building+Extension.swift in Sources */ = {isa = PBXBuildFile; fileRef = 38535E3625833145009411A1 /* Building+Extension.swift */; };
		38535E3825833145009411A1 /* Building+Extension.swift in Sources */ = {isa = PBXBuildFile; fileRef = 38535E3625833145009411A1 /* Building+Extension.swift */; };
		38535E55258480A6009411A1 /* BuildingViews.swift in Sources */ = {isa = PBXBuildFile; fileRef = 38535E54258480A6009411A1 /* BuildingViews.swift */; };
		38535E56258480A6009411A1 /* BuildingViews.swift in Sources */ = {isa = PBXBuildFile; fileRef = 38535E54258480A6009411A1 /* BuildingViews.swift */; };
		3860002A259276130071569A /* MonsterEnums.swift in Sources */ = {isa = PBXBuildFile; fileRef = 38600029259276130071569A /* MonsterEnums.swift */; };
		38600033259276690071569A /* MonsterEnums.swift in Sources */ = {isa = PBXBuildFile; fileRef = 38600029259276130071569A /* MonsterEnums.swift */; };
		386010122599B32900118951 /* HomunculusSkill.swift in Sources */ = {isa = PBXBuildFile; fileRef = 386010112599B32900118951 /* HomunculusSkill.swift */; };
		386010132599B32900118951 /* HomunculusSkill.swift in Sources */ = {isa = PBXBuildFile; fileRef = 386010112599B32900118951 /* HomunculusSkill.swift */; };
		386010212599C12E00118951 /* AwakenCost.swift in Sources */ = {isa = PBXBuildFile; fileRef = 386010202599C12E00118951 /* AwakenCost.swift */; };
		386010222599C12E00118951 /* AwakenCost.swift in Sources */ = {isa = PBXBuildFile; fileRef = 386010202599C12E00118951 /* AwakenCost.swift */; };
		386010302599C3EF00118951 /* MonsterCraftCostData.swift in Sources */ = {isa = PBXBuildFile; fileRef = 3860102F2599C3EF00118951 /* MonsterCraftCostData.swift */; };
		386010312599C3EF00118951 /* MonsterCraftCostData.swift in Sources */ = {isa = PBXBuildFile; fileRef = 3860102F2599C3EF00118951 /* MonsterCraftCostData.swift */; };
		386010372599C4B500118951 /* MonsterCraftCost.swift in Sources */ = {isa = PBXBuildFile; fileRef = 386010362599C4B500118951 /* MonsterCraftCost.swift */; };
		386010382599C4B500118951 /* MonsterCraftCost.swift in Sources */ = {isa = PBXBuildFile; fileRef = 386010362599C4B500118951 /* MonsterCraftCost.swift */; };
		38601046259AB19A00118951 /* GameItemData.swift in Sources */ = {isa = PBXBuildFile; fileRef = 38601045259AB19900118951 /* GameItemData.swift */; };
		38601047259AB19A00118951 /* GameItemData.swift in Sources */ = {isa = PBXBuildFile; fileRef = 38601045259AB19900118951 /* GameItemData.swift */; };
		3860104D259AB48F00118951 /* GameItem.swift in Sources */ = {isa = PBXBuildFile; fileRef = 3860104C259AB48F00118951 /* GameItem.swift */; };
		3860104E259AB48F00118951 /* GameItem.swift in Sources */ = {isa = PBXBuildFile; fileRef = 3860104C259AB48F00118951 /* GameItem.swift */; };
		38922C7F2599562800CCF63B /* MonsterView.swift in Sources */ = {isa = PBXBuildFile; fileRef = 38922C7E2599562800CCF63B /* MonsterView.swift */; };
		38922C802599562800CCF63B /* MonsterView.swift in Sources */ = {isa = PBXBuildFile; fileRef = 38922C7E2599562800CCF63B /* MonsterView.swift */; };
		38922C91259999FB00CCF63B /* LeaderSkill+Previews.swift in Sources */ = {isa = PBXBuildFile; fileRef = 38922C90259999FB00CCF63B /* LeaderSkill+Previews.swift */; };
		38922C92259999FB00CCF63B /* LeaderSkill+Previews.swift in Sources */ = {isa = PBXBuildFile; fileRef = 38922C90259999FB00CCF63B /* LeaderSkill+Previews.swift */; };
		389F89BD259805B300006C09 /* SummonerData.swift in Sources */ = {isa = PBXBuildFile; fileRef = 389F89BC259805B300006C09 /* SummonerData.swift */; };
		389F89BE259805B300006C09 /* SummonerData.swift in Sources */ = {isa = PBXBuildFile; fileRef = 389F89BC259805B300006C09 /* SummonerData.swift */; };
		389F89D025982B5F00006C09 /* Summoner+Previews.swift in Sources */ = {isa = PBXBuildFile; fileRef = 389F89CF25982B5F00006C09 /* Summoner+Previews.swift */; };
		389F89D125982B5F00006C09 /* Summoner+Previews.swift in Sources */ = {isa = PBXBuildFile; fileRef = 389F89CF25982B5F00006C09 /* Summoner+Previews.swift */; };
		389F89E025982BB100006C09 /* Decoration+Previews.swift in Sources */ = {isa = PBXBuildFile; fileRef = 389F89DF25982BB100006C09 /* Decoration+Previews.swift */; };
		389F89E125982BB100006C09 /* Decoration+Previews.swift in Sources */ = {isa = PBXBuildFile; fileRef = 389F89DF25982BB100006C09 /* Decoration+Previews.swift */; };
		38A0AD4E258DC44B005C01D0 /* PlayerImport.swift in Sources */ = {isa = PBXBuildFile; fileRef = 38A0AD4D258DC44B005C01D0 /* PlayerImport.swift */; };
		38A0AD4F258DC44B005C01D0 /* PlayerImport.swift in Sources */ = {isa = PBXBuildFile; fileRef = 38A0AD4D258DC44B005C01D0 /* PlayerImport.swift */; };
		38A0AD5A258DCC05005C01D0 /* BuildingInstanceData.swift in Sources */ = {isa = PBXBuildFile; fileRef = 38A0AD59258DCC05005C01D0 /* BuildingInstanceData.swift */; };
		38A0AD5B258DCC05005C01D0 /* BuildingInstanceData.swift in Sources */ = {isa = PBXBuildFile; fileRef = 38A0AD59258DCC05005C01D0 /* BuildingInstanceData.swift */; };
		38A0AD61258DD08C005C01D0 /* BuildingInstance.swift in Sources */ = {isa = PBXBuildFile; fileRef = 38A0AD60258DD08C005C01D0 /* BuildingInstance.swift */; };
		38A0AD62258DD08C005C01D0 /* BuildingInstance.swift in Sources */ = {isa = PBXBuildFile; fileRef = 38A0AD60258DD08C005C01D0 /* BuildingInstance.swift */; };
		38A0AD68258DD4FA005C01D0 /* RuneInstanceData.swift in Sources */ = {isa = PBXBuildFile; fileRef = 38A0AD67258DD4FA005C01D0 /* RuneInstanceData.swift */; };
		38A0AD69258DD4FA005C01D0 /* RuneInstanceData.swift in Sources */ = {isa = PBXBuildFile; fileRef = 38A0AD67258DD4FA005C01D0 /* RuneInstanceData.swift */; };
		38A0ADAE258EC067005C01D0 /* RuneGrid.swift in Sources */ = {isa = PBXBuildFile; fileRef = 38A0ADAD258EC067005C01D0 /* RuneGrid.swift */; };
		38A0ADAF258EC067005C01D0 /* RuneGrid.swift in Sources */ = {isa = PBXBuildFile; fileRef = 38A0ADAD258EC067005C01D0 /* RuneGrid.swift */; };
		38A0ADB9258EE9A5005C01D0 /* RuneInstance+Previews.swift in Sources */ = {isa = PBXBuildFile; fileRef = 38A0ADB8258EE9A5005C01D0 /* RuneInstance+Previews.swift */; };
		38A0ADBA258EE9A5005C01D0 /* RuneInstance+Previews.swift in Sources */ = {isa = PBXBuildFile; fileRef = 38A0ADB8258EE9A5005C01D0 /* RuneInstance+Previews.swift */; };
		38A0ADC8258F0C77005C01D0 /* MonsterInstanceData.swift in Sources */ = {isa = PBXBuildFile; fileRef = 38A0ADC7258F0C77005C01D0 /* MonsterInstanceData.swift */; };
		38A0ADC9258F0C77005C01D0 /* MonsterInstanceData.swift in Sources */ = {isa = PBXBuildFile; fileRef = 38A0ADC7258F0C77005C01D0 /* MonsterInstanceData.swift */; };
		38A1C64C257DE52A0032878E /* BestiaryGoalsDelegate.swift in Sources */ = {isa = PBXBuildFile; fileRef = 38A1C644257DE5270032878E /* BestiaryGoalsDelegate.swift */; };
		38A1C64E257DE52A0032878E /* BestiaryGoalsView.swift in Sources */ = {isa = PBXBuildFile; fileRef = 38A1C645257DE5280032878E /* BestiaryGoalsView.swift */; };
		38A1C650257DE52A0032878E /* FusionSceneDelegate.swift in Sources */ = {isa = PBXBuildFile; fileRef = 38A1C646257DE5280032878E /* FusionSceneDelegate.swift */; };
		38A1C651257DE52A0032878E /* FusionSceneDelegate.swift in Sources */ = {isa = PBXBuildFile; fileRef = 38A1C646257DE5280032878E /* FusionSceneDelegate.swift */; };
		38A1C654257DE52A0032878E /* FusionContentView.swift in Sources */ = {isa = PBXBuildFile; fileRef = 38A1C648257DE5290032878E /* FusionContentView.swift */; };
		38A1C655257DE52A0032878E /* FusionContentView.swift in Sources */ = {isa = PBXBuildFile; fileRef = 38A1C648257DE5290032878E /* FusionContentView.swift */; };
		38A1C656257DE52A0032878E /* RuneIconView.swift in Sources */ = {isa = PBXBuildFile; fileRef = 38A1C64A257DE52A0032878E /* RuneIconView.swift */; };
		38A1C657257DE52A0032878E /* RuneIconView.swift in Sources */ = {isa = PBXBuildFile; fileRef = 38A1C64A257DE52A0032878E /* RuneIconView.swift */; };
		38A1C658257DE52A0032878E /* MonsterIconView.swift in Sources */ = {isa = PBXBuildFile; fileRef = 38A1C64B257DE52A0032878E /* MonsterIconView.swift */; };
		38A1C659257DE52A0032878E /* MonsterIconView.swift in Sources */ = {isa = PBXBuildFile; fileRef = 38A1C64B257DE52A0032878E /* MonsterIconView.swift */; };
		38A1C681257E06820032878E /* Bundle+Extension.swift in Sources */ = {isa = PBXBuildFile; fileRef = 38A1C680257E06820032878E /* Bundle+Extension.swift */; };
		38A1C682257E06820032878E /* Bundle+Extension.swift in Sources */ = {isa = PBXBuildFile; fileRef = 38A1C680257E06820032878E /* Bundle+Extension.swift */; };
		38BC3AC52589CCBD00A85FBE /* BestiaryImport.swift in Sources */ = {isa = PBXBuildFile; fileRef = 38BC3AC42589CCBD00A85FBE /* BestiaryImport.swift */; };
		38BC3AC62589CCBD00A85FBE /* BestiaryImport.swift in Sources */ = {isa = PBXBuildFile; fileRef = 38BC3AC42589CCBD00A85FBE /* BestiaryImport.swift */; };
		38BC3ACF2589CCE500A85FBE /* BuildingData.swift in Sources */ = {isa = PBXBuildFile; fileRef = 38BC3AC02589CC8E00A85FBE /* BuildingData.swift */; };
		38BC3AD02589CCE600A85FBE /* BuildingData.swift in Sources */ = {isa = PBXBuildFile; fileRef = 38BC3AC02589CC8E00A85FBE /* BuildingData.swift */; };
		38BC3AD52589CCE900A85FBE /* FusionData.swift in Sources */ = {isa = PBXBuildFile; fileRef = 38BC3ABF2589CC8C00A85FBE /* FusionData.swift */; };
		38BC3AD62589CCEA00A85FBE /* FusionData.swift in Sources */ = {isa = PBXBuildFile; fileRef = 38BC3ABF2589CC8C00A85FBE /* FusionData.swift */; };
		38BC3ADB2589CCED00A85FBE /* MonsterData.swift in Sources */ = {isa = PBXBuildFile; fileRef = 38BC3AC12589CC9000A85FBE /* MonsterData.swift */; };
		38BC3ADC2589CCEE00A85FBE /* MonsterData.swift in Sources */ = {isa = PBXBuildFile; fileRef = 38BC3AC12589CC9000A85FBE /* MonsterData.swift */; };
		38BC3AE12589CCF200A85FBE /* SkillData.swift in Sources */ = {isa = PBXBuildFile; fileRef = 38BC3AC22589CC9300A85FBE /* SkillData.swift */; };
		38BC3AE22589CCF200A85FBE /* SkillData.swift in Sources */ = {isa = PBXBuildFile; fileRef = 38BC3AC22589CC9300A85FBE /* SkillData.swift */; };
		38BC3AE72589CCF900A85FBE /* SourceData.swift in Sources */ = {isa = PBXBuildFile; fileRef = 38BC3AC32589CC9500A85FBE /* SourceData.swift */; };
		38BC3AE82589CCFA00A85FBE /* SourceData.swift in Sources */ = {isa = PBXBuildFile; fileRef = 38BC3AC32589CC9500A85FBE /* SourceData.swift */; };
		38BC3AED2589CCFF00A85FBE /* JSONDecodable.swift in Sources */ = {isa = PBXBuildFile; fileRef = 38BC3ABE2589CC8B00A85FBE /* JSONDecodable.swift */; };
		38BC3AEE2589CD0000A85FBE /* JSONDecodable.swift in Sources */ = {isa = PBXBuildFile; fileRef = 38BC3ABE2589CC8B00A85FBE /* JSONDecodable.swift */; };
		38BC3AF9258B0AD700A85FBE /* Building+Previews.swift in Sources */ = {isa = PBXBuildFile; fileRef = 38BC3AF8258B0AD700A85FBE /* Building+Previews.swift */; };
		38BC3AFA258B0AD700A85FBE /* Building+Previews.swift in Sources */ = {isa = PBXBuildFile; fileRef = 38BC3AF8258B0AD700A85FBE /* Building+Previews.swift */; };
		38BC3B13258C50AC00A85FBE /* AwakenCostData.swift in Sources */ = {isa = PBXBuildFile; fileRef = 38BC3B12258C50AC00A85FBE /* AwakenCostData.swift */; };
		38BC3B14258C50AC00A85FBE /* AwakenCostData.swift in Sources */ = {isa = PBXBuildFile; fileRef = 38BC3B12258C50AC00A85FBE /* AwakenCostData.swift */; };
		38CFB6B92576EFC600F0C398 /* Monster+Extension.swift in Sources */ = {isa = PBXBuildFile; fileRef = 38CFB6B82576EFC600F0C398 /* Monster+Extension.swift */; };
		38CFB6C72577291800F0C398 /* TeamGroup.swift in Sources */ = {isa = PBXBuildFile; fileRef = 38CFB6C62577291800F0C398 /* TeamGroup.swift */; };
		38CFB6C82577291800F0C398 /* TeamGroup.swift in Sources */ = {isa = PBXBuildFile; fileRef = 38CFB6C62577291800F0C398 /* TeamGroup.swift */; };
		38CFB6D325772A3100F0C398 /* Summoner.swift in Sources */ = {isa = PBXBuildFile; fileRef = 38CFB6D225772A3100F0C398 /* Summoner.swift */; };
		38CFB6D425772A3100F0C398 /* Summoner.swift in Sources */ = {isa = PBXBuildFile; fileRef = 38CFB6D225772A3100F0C398 /* Summoner.swift */; };
		38CFB6F92577701800F0C398 /* Team.swift in Sources */ = {isa = PBXBuildFile; fileRef = 38CFB6F82577701800F0C398 /* Team.swift */; };
		38CFB6FA2577701800F0C398 /* Team.swift in Sources */ = {isa = PBXBuildFile; fileRef = 38CFB6F82577701800F0C398 /* Team.swift */; };
		38CFB70025782F9B00F0C398 /* LeaderSkill.swift in Sources */ = {isa = PBXBuildFile; fileRef = 38CFB6FF25782F9B00F0C398 /* LeaderSkill.swift */; };
		38CFB70125782F9C00F0C398 /* LeaderSkill.swift in Sources */ = {isa = PBXBuildFile; fileRef = 38CFB6FF25782F9B00F0C398 /* LeaderSkill.swift */; };
		38CFB7072578303E00F0C398 /* FusionIngredients.swift in Sources */ = {isa = PBXBuildFile; fileRef = 38CFB7062578303E00F0C398 /* FusionIngredients.swift */; };
		38CFB7082578303E00F0C398 /* FusionIngredients.swift in Sources */ = {isa = PBXBuildFile; fileRef = 38CFB7062578303E00F0C398 /* FusionIngredients.swift */; };
		38CFB70E2578306C00F0C398 /* Fusion.swift in Sources */ = {isa = PBXBuildFile; fileRef = 38CFB70D2578306C00F0C398 /* Fusion.swift */; };
		38CFB70F2578306C00F0C398 /* Fusion.swift in Sources */ = {isa = PBXBuildFile; fileRef = 38CFB70D2578306C00F0C398 /* Fusion.swift */; };
		38CFB7162578388E00F0C398 /* MonsterInstance.swift in Sources */ = {isa = PBXBuildFile; fileRef = 38CFB7152578388E00F0C398 /* MonsterInstance.swift */; };
		38CFB7172578388E00F0C398 /* MonsterInstance.swift in Sources */ = {isa = PBXBuildFile; fileRef = 38CFB7152578388E00F0C398 /* MonsterInstance.swift */; };
		38CFB7212578462700F0C398 /* RuneInstance.swift in Sources */ = {isa = PBXBuildFile; fileRef = 38CFB7202578462700F0C398 /* RuneInstance.swift */; };
		38CFB7222578462700F0C398 /* RuneInstance.swift in Sources */ = {isa = PBXBuildFile; fileRef = 38CFB7202578462700F0C398 /* RuneInstance.swift */; };
		38CFB728257848C900F0C398 /* ArtifactInstance.swift in Sources */ = {isa = PBXBuildFile; fileRef = 38CFB727257848C900F0C398 /* ArtifactInstance.swift */; };
		38CFB729257848C900F0C398 /* ArtifactInstance.swift in Sources */ = {isa = PBXBuildFile; fileRef = 38CFB727257848C900F0C398 /* ArtifactInstance.swift */; };
		38CFB72F2578494400F0C398 /* MonsterSkill.swift in Sources */ = {isa = PBXBuildFile; fileRef = 38CFB72E2578494400F0C398 /* MonsterSkill.swift */; };
		38CFB7302578494400F0C398 /* MonsterSkill.swift in Sources */ = {isa = PBXBuildFile; fileRef = 38CFB72E2578494400F0C398 /* MonsterSkill.swift */; };
		38CFB75F2579B84300F0C398 /* Task.swift in Sources */ = {isa = PBXBuildFile; fileRef = 38CFB75E2579B84300F0C398 /* Task.swift */; };
		38CFB7602579B84300F0C398 /* Task.swift in Sources */ = {isa = PBXBuildFile; fileRef = 38CFB75E2579B84300F0C398 /* Task.swift */; };
		38CFB7662579DE4D00F0C398 /* Skill.swift in Sources */ = {isa = PBXBuildFile; fileRef = 38CFB7652579DE4D00F0C398 /* Skill.swift */; };
		38CFB7672579DE4D00F0C398 /* Skill.swift in Sources */ = {isa = PBXBuildFile; fileRef = 38CFB7652579DE4D00F0C398 /* Skill.swift */; };
		38CFB76D2579DE8700F0C398 /* SkillScalingStat.swift in Sources */ = {isa = PBXBuildFile; fileRef = 38CFB76C2579DE8700F0C398 /* SkillScalingStat.swift */; };
		38CFB76E2579DE8700F0C398 /* SkillScalingStat.swift in Sources */ = {isa = PBXBuildFile; fileRef = 38CFB76C2579DE8700F0C398 /* SkillScalingStat.swift */; };
		38CFB7742579DEC000F0C398 /* SkillEffect.swift in Sources */ = {isa = PBXBuildFile; fileRef = 38CFB7732579DEC000F0C398 /* SkillEffect.swift */; };
		38CFB7752579DEC000F0C398 /* SkillEffect.swift in Sources */ = {isa = PBXBuildFile; fileRef = 38CFB7732579DEC000F0C398 /* SkillEffect.swift */; };
		38CFB77B2579DEE800F0C398 /* SkillEffectDetail.swift in Sources */ = {isa = PBXBuildFile; fileRef = 38CFB77A2579DEE800F0C398 /* SkillEffectDetail.swift */; };
		38CFB77C2579DEE800F0C398 /* SkillEffectDetail.swift in Sources */ = {isa = PBXBuildFile; fileRef = 38CFB77A2579DEE800F0C398 /* SkillEffectDetail.swift */; };
		38CFB7822579E24000F0C398 /* SkillUpgrade.swift in Sources */ = {isa = PBXBuildFile; fileRef = 38CFB7812579E24000F0C398 /* SkillUpgrade.swift */; };
		38CFB7832579E24000F0C398 /* SkillUpgrade.swift in Sources */ = {isa = PBXBuildFile; fileRef = 38CFB7812579E24000F0C398 /* SkillUpgrade.swift */; };
		38CFB7892579E28400F0C398 /* Source.swift in Sources */ = {isa = PBXBuildFile; fileRef = 38CFB7882579E28400F0C398 /* Source.swift */; };
		38CFB78A2579E28400F0C398 /* Source.swift in Sources */ = {isa = PBXBuildFile; fileRef = 38CFB7882579E28400F0C398 /* Source.swift */; };
		38CFB795257AFB3700F0C398 /* DateFormatter+extensions.swift in Sources */ = {isa = PBXBuildFile; fileRef = 38CFB794257AFB3700F0C398 /* DateFormatter+extensions.swift */; };
		38CFB796257AFB3700F0C398 /* DateFormatter+extensions.swift in Sources */ = {isa = PBXBuildFile; fileRef = 38CFB794257AFB3700F0C398 /* DateFormatter+extensions.swift */; };
		38DB9D55257EF7F90038BDC0 /* LICENSE.txt in Resources */ = {isa = PBXBuildFile; fileRef = 38DB9D54257EF7F90038BDC0 /* LICENSE.txt */; };
		38DB9D56257EF7F90038BDC0 /* LICENSE.txt in Resources */ = {isa = PBXBuildFile; fileRef = 38DB9D54257EF7F90038BDC0 /* LICENSE.txt */; };
		38DB9D5C257EF83A0038BDC0 /* Data.swift in Sources */ = {isa = PBXBuildFile; fileRef = 38DB9D5B257EF83A0038BDC0 /* Data.swift */; };
		38DB9D5D257EF83A0038BDC0 /* Data.swift in Sources */ = {isa = PBXBuildFile; fileRef = 38DB9D5B257EF83A0038BDC0 /* Data.swift */; };
		38DB9D62257F21B80038BDC0 /* Images in Resources */ = {isa = PBXBuildFile; fileRef = 384ACD032575BD48002E04CB /* Images */; };
		38DB9D63257F21B90038BDC0 /* Images in Resources */ = {isa = PBXBuildFile; fileRef = 384ACD032575BD48002E04CB /* Images */; };
		38DB9D74258059A30038BDC0 /* Monster+Extension.swift in Sources */ = {isa = PBXBuildFile; fileRef = 38CFB6B82576EFC600F0C398 /* Monster+Extension.swift */; };
		38E1101C25903C6100D4BBB0 /* RuneIconBase.swift in Sources */ = {isa = PBXBuildFile; fileRef = 38E1101B25903C6100D4BBB0 /* RuneIconBase.swift */; };
		38E1101D25903C6100D4BBB0 /* RuneIconBase.swift in Sources */ = {isa = PBXBuildFile; fileRef = 38E1101B25903C6100D4BBB0 /* RuneIconBase.swift */; };
		38ECB148259BCFF30021E891 /* Monster+Previews.swift in Sources */ = {isa = PBXBuildFile; fileRef = 38ECB147259BCFF30021E891 /* Monster+Previews.swift */; };
		38ECB149259BCFF30021E891 /* Monster+Previews.swift in Sources */ = {isa = PBXBuildFile; fileRef = 38ECB147259BCFF30021E891 /* Monster+Previews.swift */; };
		38ECB153259BD1920021E891 /* Source+Previews.swift in Sources */ = {isa = PBXBuildFile; fileRef = 38ECB152259BD1920021E891 /* Source+Previews.swift */; };
		38ECB154259BD1920021E891 /* Source+Previews.swift in Sources */ = {isa = PBXBuildFile; fileRef = 38ECB152259BD1920021E891 /* Source+Previews.swift */; };
		38ECB15A259BED2A0021E891 /* Test_LeaderSkill.swift in Sources */ = {isa = PBXBuildFile; fileRef = 38ECB159259BED2A0021E891 /* Test_LeaderSkill.swift */; };
		38F1BD2925A016460070B13E /* ArtifactInstanceData.swift in Sources */ = {isa = PBXBuildFile; fileRef = 38F1BD2825A016460070B13E /* ArtifactInstanceData.swift */; };
		38F1BD2A25A016460070B13E /* ArtifactInstanceData.swift in Sources */ = {isa = PBXBuildFile; fileRef = 38F1BD2825A016460070B13E /* ArtifactInstanceData.swift */; };
/* End PBXBuildFile section */

/* Begin PBXContainerItemProxy section */
		384A48F42575A074002E04CB /* PBXContainerItemProxy */ = {
			isa = PBXContainerItemProxy;
			containerPortal = 384A48D62575A070002E04CB /* Project object */;
			proxyType = 1;
			remoteGlobalIDString = 384A48E22575A074002E04CB;
			remoteInfo = "SummonerTasks (iOS)";
		};
		384A48FF2575A074002E04CB /* PBXContainerItemProxy */ = {
			isa = PBXContainerItemProxy;
			containerPortal = 384A48D62575A070002E04CB /* Project object */;
			proxyType = 1;
			remoteGlobalIDString = 384A48EA2575A074002E04CB;
			remoteInfo = "SummonerTasks (macOS)";
		};
/* End PBXContainerItemProxy section */

/* Begin PBXFileReference section */
		38000B302585CEFD00BED558 /* Bundle-decoder.swift */ = {isa = PBXFileReference; lastKnownFileType = sourcecode.swift; path = "Bundle-decoder.swift"; sourceTree = "<group>"; };
		38000B3F2587F9DA00BED558 /* building-mini.json */ = {isa = PBXFileReference; lastKnownFileType = text.json; path = "building-mini.json"; sourceTree = "<group>"; };
		380044FA259E61940098A75C /* MonsterInstance+Previews.swift */ = {isa = PBXFileReference; lastKnownFileType = sourcecode.swift; path = "MonsterInstance+Previews.swift"; sourceTree = "<group>"; };
		38004501259E93140098A75C /* MonsterInstanceSummaryView.swift */ = {isa = PBXFileReference; lastKnownFileType = sourcecode.swift; path = MonsterInstanceSummaryView.swift; sourceTree = "<group>"; };
		3818B167259D843F00CCE47E /* Skill+Previews.swift */ = {isa = PBXFileReference; lastKnownFileType = sourcecode.swift; path = "Skill+Previews.swift"; sourceTree = "<group>"; };
		3848A413258D700C000809EF /* BestiaryView.swift */ = {isa = PBXFileReference; lastKnownFileType = sourcecode.swift; path = BestiaryView.swift; sourceTree = "<group>"; };
		384A48DB2575A071002E04CB /* SummonerTasksApp.swift */ = {isa = PBXFileReference; lastKnownFileType = sourcecode.swift; path = SummonerTasksApp.swift; sourceTree = "<group>"; };
		384A48DC2575A071002E04CB /* SummonerTasksDocument.swift */ = {isa = PBXFileReference; lastKnownFileType = sourcecode.swift; path = SummonerTasksDocument.swift; sourceTree = "<group>"; };
		384A48DD2575A071002E04CB /* ContentView.swift */ = {isa = PBXFileReference; lastKnownFileType = sourcecode.swift; path = ContentView.swift; sourceTree = "<group>"; };
		384A48DE2575A074002E04CB /* Assets.xcassets */ = {isa = PBXFileReference; lastKnownFileType = folder.assetcatalog; path = Assets.xcassets; sourceTree = "<group>"; };
		384A48E32575A074002E04CB /* SummonerTasks.app */ = {isa = PBXFileReference; explicitFileType = wrapper.application; includeInIndex = 0; path = SummonerTasks.app; sourceTree = BUILT_PRODUCTS_DIR; };
		384A48E62575A074002E04CB /* Info.plist */ = {isa = PBXFileReference; lastKnownFileType = text.plist.xml; path = Info.plist; sourceTree = "<group>"; };
		384A48EB2575A074002E04CB /* SummonerTasks.app */ = {isa = PBXFileReference; explicitFileType = wrapper.application; includeInIndex = 0; path = SummonerTasks.app; sourceTree = BUILT_PRODUCTS_DIR; };
		384A48ED2575A074002E04CB /* Info.plist */ = {isa = PBXFileReference; lastKnownFileType = text.plist.xml; path = Info.plist; sourceTree = "<group>"; };
		384A48EE2575A074002E04CB /* macOS.entitlements */ = {isa = PBXFileReference; lastKnownFileType = text.plist.entitlements; path = macOS.entitlements; sourceTree = "<group>"; };
		384A48F32575A074002E04CB /* Tests iOS.xctest */ = {isa = PBXFileReference; explicitFileType = wrapper.cfbundle; includeInIndex = 0; path = "Tests iOS.xctest"; sourceTree = BUILT_PRODUCTS_DIR; };
		384A48F72575A074002E04CB /* Tests_iOS.swift */ = {isa = PBXFileReference; lastKnownFileType = sourcecode.swift; path = Tests_iOS.swift; sourceTree = "<group>"; };
		384A48F92575A074002E04CB /* Info.plist */ = {isa = PBXFileReference; lastKnownFileType = text.plist.xml; path = Info.plist; sourceTree = "<group>"; };
		384A48FE2575A074002E04CB /* Tests macOS.xctest */ = {isa = PBXFileReference; explicitFileType = wrapper.cfbundle; includeInIndex = 0; path = "Tests macOS.xctest"; sourceTree = BUILT_PRODUCTS_DIR; };
		384A49022575A074002E04CB /* Tests_macOS.swift */ = {isa = PBXFileReference; lastKnownFileType = sourcecode.swift; path = Tests_macOS.swift; sourceTree = "<group>"; };
		384A49042575A074002E04CB /* Info.plist */ = {isa = PBXFileReference; lastKnownFileType = text.plist.xml; path = Info.plist; sourceTree = "<group>"; };
		384A496D2575A1ED002E04CB /* Persistence.swift */ = {isa = PBXFileReference; fileEncoding = 4; lastKnownFileType = sourcecode.swift; path = Persistence.swift; sourceTree = "<group>"; };
		384A49792575A359002E04CB /* Shared.xcdatamodel */ = {isa = PBXFileReference; lastKnownFileType = wrapper.xcdatamodel; path = Shared.xcdatamodel; sourceTree = "<group>"; };
		384A49992575A9DB002E04CB /* ModelEnums.swift */ = {isa = PBXFileReference; fileEncoding = 4; lastKnownFileType = sourcecode.swift; path = ModelEnums.swift; sourceTree = "<group>"; };
		384ACD032575BD48002E04CB /* Images */ = {isa = PBXFileReference; lastKnownFileType = folder; path = Images; sourceTree = "<group>"; };
		38535E232582BCA9009411A1 /* bestiary_data.json.zip */ = {isa = PBXFileReference; lastKnownFileType = archive.zip; path = bestiary_data.json.zip; sourceTree = "<group>"; };
		38535E2B25832E95009411A1 /* BJr5.swift */ = {isa = PBXFileReference; lastKnownFileType = sourcecode.swift; path = BJr5.swift; sourceTree = "<group>"; };
		38535E3625833145009411A1 /* Building+Extension.swift */ = {isa = PBXFileReference; lastKnownFileType = sourcecode.swift; path = "Building+Extension.swift"; sourceTree = "<group>"; };
		38535E54258480A6009411A1 /* BuildingViews.swift */ = {isa = PBXFileReference; lastKnownFileType = sourcecode.swift; path = BuildingViews.swift; sourceTree = "<group>"; };
		38600029259276130071569A /* MonsterEnums.swift */ = {isa = PBXFileReference; lastKnownFileType = sourcecode.swift; path = MonsterEnums.swift; sourceTree = "<group>"; };
		386010112599B32900118951 /* HomunculusSkill.swift */ = {isa = PBXFileReference; lastKnownFileType = sourcecode.swift; path = HomunculusSkill.swift; sourceTree = "<group>"; };
		386010202599C12E00118951 /* AwakenCost.swift */ = {isa = PBXFileReference; lastKnownFileType = sourcecode.swift; path = AwakenCost.swift; sourceTree = "<group>"; };
		3860102F2599C3EF00118951 /* MonsterCraftCostData.swift */ = {isa = PBXFileReference; lastKnownFileType = sourcecode.swift; path = MonsterCraftCostData.swift; sourceTree = "<group>"; };
		386010362599C4B500118951 /* MonsterCraftCost.swift */ = {isa = PBXFileReference; lastKnownFileType = sourcecode.swift; path = MonsterCraftCost.swift; sourceTree = "<group>"; };
		38601045259AB19900118951 /* GameItemData.swift */ = {isa = PBXFileReference; lastKnownFileType = sourcecode.swift; path = GameItemData.swift; sourceTree = "<group>"; };
		3860104C259AB48F00118951 /* GameItem.swift */ = {isa = PBXFileReference; lastKnownFileType = sourcecode.swift; path = GameItem.swift; sourceTree = "<group>"; };
		38922C7E2599562800CCF63B /* MonsterView.swift */ = {isa = PBXFileReference; lastKnownFileType = sourcecode.swift; path = MonsterView.swift; sourceTree = "<group>"; };
		38922C90259999FB00CCF63B /* LeaderSkill+Previews.swift */ = {isa = PBXFileReference; lastKnownFileType = sourcecode.swift; path = "LeaderSkill+Previews.swift"; sourceTree = "<group>"; };
		389F89BC259805B300006C09 /* SummonerData.swift */ = {isa = PBXFileReference; lastKnownFileType = sourcecode.swift; path = SummonerData.swift; sourceTree = "<group>"; };
		389F89CF25982B5F00006C09 /* Summoner+Previews.swift */ = {isa = PBXFileReference; lastKnownFileType = sourcecode.swift; path = "Summoner+Previews.swift"; sourceTree = "<group>"; };
		389F89DF25982BB100006C09 /* Decoration+Previews.swift */ = {isa = PBXFileReference; lastKnownFileType = sourcecode.swift; path = "Decoration+Previews.swift"; sourceTree = "<group>"; };
		38A0AD4D258DC44B005C01D0 /* PlayerImport.swift */ = {isa = PBXFileReference; lastKnownFileType = sourcecode.swift; name = PlayerImport.swift; path = "Shared/Models/JSON Base/PlayerImport.swift"; sourceTree = SOURCE_ROOT; };
		38A0AD59258DCC05005C01D0 /* BuildingInstanceData.swift */ = {isa = PBXFileReference; lastKnownFileType = sourcecode.swift; path = BuildingInstanceData.swift; sourceTree = "<group>"; };
		38A0AD60258DD08C005C01D0 /* BuildingInstance.swift */ = {isa = PBXFileReference; lastKnownFileType = sourcecode.swift; path = BuildingInstance.swift; sourceTree = "<group>"; };
		38A0AD67258DD4FA005C01D0 /* RuneInstanceData.swift */ = {isa = PBXFileReference; lastKnownFileType = sourcecode.swift; path = RuneInstanceData.swift; sourceTree = "<group>"; };
		38A0ADAD258EC067005C01D0 /* RuneGrid.swift */ = {isa = PBXFileReference; lastKnownFileType = sourcecode.swift; path = RuneGrid.swift; sourceTree = "<group>"; };
		38A0ADB8258EE9A5005C01D0 /* RuneInstance+Previews.swift */ = {isa = PBXFileReference; lastKnownFileType = sourcecode.swift; path = "RuneInstance+Previews.swift"; sourceTree = "<group>"; };
		38A0ADC7258F0C77005C01D0 /* MonsterInstanceData.swift */ = {isa = PBXFileReference; lastKnownFileType = sourcecode.swift; path = MonsterInstanceData.swift; sourceTree = "<group>"; };
		38A1C644257DE5270032878E /* BestiaryGoalsDelegate.swift */ = {isa = PBXFileReference; fileEncoding = 4; lastKnownFileType = sourcecode.swift; path = BestiaryGoalsDelegate.swift; sourceTree = "<group>"; };
		38A1C645257DE5280032878E /* BestiaryGoalsView.swift */ = {isa = PBXFileReference; fileEncoding = 4; lastKnownFileType = sourcecode.swift; path = BestiaryGoalsView.swift; sourceTree = "<group>"; };
		38A1C646257DE5280032878E /* FusionSceneDelegate.swift */ = {isa = PBXFileReference; fileEncoding = 4; lastKnownFileType = sourcecode.swift; path = FusionSceneDelegate.swift; sourceTree = "<group>"; };
		38A1C647257DE5290032878E /* Event.swift */ = {isa = PBXFileReference; fileEncoding = 4; lastKnownFileType = sourcecode.swift; path = Event.swift; sourceTree = "<group>"; };
		38A1C648257DE5290032878E /* FusionContentView.swift */ = {isa = PBXFileReference; fileEncoding = 4; lastKnownFileType = sourcecode.swift; path = FusionContentView.swift; sourceTree = "<group>"; };
		38A1C64A257DE52A0032878E /* RuneIconView.swift */ = {isa = PBXFileReference; fileEncoding = 4; lastKnownFileType = sourcecode.swift; path = RuneIconView.swift; sourceTree = "<group>"; };
		38A1C64B257DE52A0032878E /* MonsterIconView.swift */ = {isa = PBXFileReference; fileEncoding = 4; lastKnownFileType = sourcecode.swift; path = MonsterIconView.swift; sourceTree = "<group>"; };
		38A1C680257E06820032878E /* Bundle+Extension.swift */ = {isa = PBXFileReference; lastKnownFileType = sourcecode.swift; name = "Bundle+Extension.swift"; path = "Shared/Extensions/Bundle+Extension.swift"; sourceTree = SOURCE_ROOT; };
		38BC3ABE2589CC8B00A85FBE /* JSONDecodable.swift */ = {isa = PBXFileReference; lastKnownFileType = sourcecode.swift; path = JSONDecodable.swift; sourceTree = "<group>"; };
		38BC3ABF2589CC8C00A85FBE /* FusionData.swift */ = {isa = PBXFileReference; lastKnownFileType = sourcecode.swift; path = FusionData.swift; sourceTree = "<group>"; };
		38BC3AC02589CC8E00A85FBE /* BuildingData.swift */ = {isa = PBXFileReference; lastKnownFileType = sourcecode.swift; path = BuildingData.swift; sourceTree = "<group>"; };
		38BC3AC12589CC9000A85FBE /* MonsterData.swift */ = {isa = PBXFileReference; lastKnownFileType = sourcecode.swift; path = MonsterData.swift; sourceTree = "<group>"; };
		38BC3AC22589CC9300A85FBE /* SkillData.swift */ = {isa = PBXFileReference; lastKnownFileType = sourcecode.swift; path = SkillData.swift; sourceTree = "<group>"; };
		38BC3AC32589CC9500A85FBE /* SourceData.swift */ = {isa = PBXFileReference; lastKnownFileType = sourcecode.swift; path = SourceData.swift; sourceTree = "<group>"; };
		38BC3AC42589CCBD00A85FBE /* BestiaryImport.swift */ = {isa = PBXFileReference; lastKnownFileType = sourcecode.swift; path = BestiaryImport.swift; sourceTree = "<group>"; };
		38BC3AF8258B0AD700A85FBE /* Building+Previews.swift */ = {isa = PBXFileReference; lastKnownFileType = sourcecode.swift; path = "Building+Previews.swift"; sourceTree = "<group>"; };
		38BC3B12258C50AC00A85FBE /* AwakenCostData.swift */ = {isa = PBXFileReference; fileEncoding = 4; lastKnownFileType = sourcecode.swift; path = AwakenCostData.swift; sourceTree = "<group>"; };
		38CFB6B82576EFC600F0C398 /* Monster+Extension.swift */ = {isa = PBXFileReference; lastKnownFileType = sourcecode.swift; path = "Monster+Extension.swift"; sourceTree = "<group>"; };
		38CFB6C62577291800F0C398 /* TeamGroup.swift */ = {isa = PBXFileReference; lastKnownFileType = sourcecode.swift; path = TeamGroup.swift; sourceTree = "<group>"; };
		38CFB6D225772A3100F0C398 /* Summoner.swift */ = {isa = PBXFileReference; lastKnownFileType = sourcecode.swift; path = Summoner.swift; sourceTree = "<group>"; };
		38CFB6F82577701800F0C398 /* Team.swift */ = {isa = PBXFileReference; lastKnownFileType = sourcecode.swift; path = Team.swift; sourceTree = "<group>"; };
		38CFB6FF25782F9B00F0C398 /* LeaderSkill.swift */ = {isa = PBXFileReference; lastKnownFileType = sourcecode.swift; path = LeaderSkill.swift; sourceTree = "<group>"; };
		38CFB7062578303E00F0C398 /* FusionIngredients.swift */ = {isa = PBXFileReference; lastKnownFileType = sourcecode.swift; path = FusionIngredients.swift; sourceTree = "<group>"; };
		38CFB70D2578306C00F0C398 /* Fusion.swift */ = {isa = PBXFileReference; lastKnownFileType = sourcecode.swift; path = Fusion.swift; sourceTree = "<group>"; };
		38CFB714257831F600F0C398 /* README.md */ = {isa = PBXFileReference; lastKnownFileType = net.daringfireball.markdown; path = README.md; sourceTree = "<group>"; };
		38CFB7152578388E00F0C398 /* MonsterInstance.swift */ = {isa = PBXFileReference; lastKnownFileType = sourcecode.swift; path = MonsterInstance.swift; sourceTree = "<group>"; };
		38CFB7202578462700F0C398 /* RuneInstance.swift */ = {isa = PBXFileReference; lastKnownFileType = sourcecode.swift; path = RuneInstance.swift; sourceTree = "<group>"; };
		38CFB727257848C900F0C398 /* ArtifactInstance.swift */ = {isa = PBXFileReference; lastKnownFileType = sourcecode.swift; path = ArtifactInstance.swift; sourceTree = "<group>"; };
		38CFB72E2578494400F0C398 /* MonsterSkill.swift */ = {isa = PBXFileReference; lastKnownFileType = sourcecode.swift; path = MonsterSkill.swift; sourceTree = "<group>"; };
		38CFB75E2579B84300F0C398 /* Task.swift */ = {isa = PBXFileReference; lastKnownFileType = sourcecode.swift; path = Task.swift; sourceTree = "<group>"; };
		38CFB7652579DE4D00F0C398 /* Skill.swift */ = {isa = PBXFileReference; lastKnownFileType = sourcecode.swift; path = Skill.swift; sourceTree = "<group>"; };
		38CFB76C2579DE8700F0C398 /* SkillScalingStat.swift */ = {isa = PBXFileReference; lastKnownFileType = sourcecode.swift; path = SkillScalingStat.swift; sourceTree = "<group>"; };
		38CFB7732579DEC000F0C398 /* SkillEffect.swift */ = {isa = PBXFileReference; lastKnownFileType = sourcecode.swift; path = SkillEffect.swift; sourceTree = "<group>"; };
		38CFB77A2579DEE800F0C398 /* SkillEffectDetail.swift */ = {isa = PBXFileReference; lastKnownFileType = sourcecode.swift; path = SkillEffectDetail.swift; sourceTree = "<group>"; };
		38CFB7812579E24000F0C398 /* SkillUpgrade.swift */ = {isa = PBXFileReference; lastKnownFileType = sourcecode.swift; path = SkillUpgrade.swift; sourceTree = "<group>"; };
		38CFB7882579E28400F0C398 /* Source.swift */ = {isa = PBXFileReference; lastKnownFileType = sourcecode.swift; path = Source.swift; sourceTree = "<group>"; };
		38CFB794257AFB3700F0C398 /* DateFormatter+extensions.swift */ = {isa = PBXFileReference; lastKnownFileType = sourcecode.swift; path = "DateFormatter+extensions.swift"; sourceTree = "<group>"; };
		38D8DC3525A2BD6600194E7E /* README.md */ = {isa = PBXFileReference; lastKnownFileType = net.daringfireball.markdown; path = README.md; sourceTree = "<group>"; };
		38DB9D54257EF7F90038BDC0 /* LICENSE.txt */ = {isa = PBXFileReference; fileEncoding = 4; lastKnownFileType = text; path = LICENSE.txt; sourceTree = "<group>"; };
		38DB9D5B257EF83A0038BDC0 /* Data.swift */ = {isa = PBXFileReference; fileEncoding = 4; lastKnownFileType = sourcecode.swift; path = Data.swift; sourceTree = "<group>"; };
		38E1101B25903C6100D4BBB0 /* RuneIconBase.swift */ = {isa = PBXFileReference; lastKnownFileType = sourcecode.swift; path = RuneIconBase.swift; sourceTree = "<group>"; };
		38ECB147259BCFF30021E891 /* Monster+Previews.swift */ = {isa = PBXFileReference; lastKnownFileType = sourcecode.swift; name = "Monster+Previews.swift"; path = "Shared/Previews/Monster+Previews.swift"; sourceTree = SOURCE_ROOT; };
		38ECB152259BD1920021E891 /* Source+Previews.swift */ = {isa = PBXFileReference; lastKnownFileType = sourcecode.swift; path = "Source+Previews.swift"; sourceTree = "<group>"; };
		38ECB159259BED2A0021E891 /* Test_LeaderSkill.swift */ = {isa = PBXFileReference; lastKnownFileType = sourcecode.swift; path = Test_LeaderSkill.swift; sourceTree = "<group>"; };
		38F1BD2825A016460070B13E /* ArtifactInstanceData.swift */ = {isa = PBXFileReference; lastKnownFileType = sourcecode.swift; path = ArtifactInstanceData.swift; sourceTree = "<group>"; };
/* End PBXFileReference section */

/* Begin PBXFrameworksBuildPhase section */
		384A48E02575A074002E04CB /* Frameworks */ = {
			isa = PBXFrameworksBuildPhase;
			buildActionMask = 2147483647;
			files = (
			);
			runOnlyForDeploymentPostprocessing = 0;
		};
		384A48E82575A074002E04CB /* Frameworks */ = {
			isa = PBXFrameworksBuildPhase;
			buildActionMask = 2147483647;
			files = (
			);
			runOnlyForDeploymentPostprocessing = 0;
		};
		384A48F02575A074002E04CB /* Frameworks */ = {
			isa = PBXFrameworksBuildPhase;
			buildActionMask = 2147483647;
			files = (
			);
			runOnlyForDeploymentPostprocessing = 0;
		};
		384A48FB2575A074002E04CB /* Frameworks */ = {
			isa = PBXFrameworksBuildPhase;
			buildActionMask = 2147483647;
			files = (
			);
			runOnlyForDeploymentPostprocessing = 0;
		};
/* End PBXFrameworksBuildPhase section */

/* Begin PBXGroup section */
		38000B3E2587F9A700BED558 /* Resources */ = {
			isa = PBXGroup;
			children = (
				38000B3F2587F9DA00BED558 /* building-mini.json */,
			);
			path = Resources;
			sourceTree = "<group>";
		};
		384A48D52575A070002E04CB = {
			isa = PBXGroup;
			children = (
				38D8DC3525A2BD6600194E7E /* README.md */,
				384A48DA2575A071002E04CB /* Shared */,
				384A48E52575A074002E04CB /* iOS */,
				384A48EC2575A074002E04CB /* macOS */,
				384A48F62575A074002E04CB /* Tests iOS */,
				384A49012575A074002E04CB /* Tests macOS */,
				384A48E42575A074002E04CB /* Products */,
				38DB9D53257EF7B90038BDC0 /* LICENSE */,
			);
			sourceTree = "<group>";
		};
		384A48DA2575A071002E04CB /* Shared */ = {
			isa = PBXGroup;
			children = (
				38BC3AF7258B087800A85FBE /* Previews */,
				38535E222582BBE9009411A1 /* Fixtures */,
				38CFB793257AFB1900F0C398 /* Extensions */,
				38CFB6B72576EF9E00F0C398 /* Models */,
				384A48DB2575A071002E04CB /* SummonerTasksApp.swift */,
				384A48DC2575A071002E04CB /* SummonerTasksDocument.swift */,
				38A1C644257DE5270032878E /* BestiaryGoalsDelegate.swift */,
				38A1C645257DE5280032878E /* BestiaryGoalsView.swift */,
				38A1C647257DE5290032878E /* Event.swift */,
				38A1C648257DE5290032878E /* FusionContentView.swift */,
				38A1C646257DE5280032878E /* FusionSceneDelegate.swift */,
				38535E2A25832E71009411A1 /* Views */,
				38A1C649257DE52A0032878E /* Utility Views */,
				384A48DD2575A071002E04CB /* ContentView.swift */,
				384A48DE2575A074002E04CB /* Assets.xcassets */,
				384A49992575A9DB002E04CB /* ModelEnums.swift */,
				38000B3E2587F9A700BED558 /* Resources */,
				384ACD032575BD48002E04CB /* Images */,
			);
			path = Shared;
			sourceTree = "<group>";
		};
		384A48E42575A074002E04CB /* Products */ = {
			isa = PBXGroup;
			children = (
				384A48E32575A074002E04CB /* SummonerTasks.app */,
				384A48EB2575A074002E04CB /* SummonerTasks.app */,
				384A48F32575A074002E04CB /* Tests iOS.xctest */,
				384A48FE2575A074002E04CB /* Tests macOS.xctest */,
			);
			name = Products;
			sourceTree = "<group>";
		};
		384A48E52575A074002E04CB /* iOS */ = {
			isa = PBXGroup;
			children = (
				384A48E62575A074002E04CB /* Info.plist */,
			);
			path = iOS;
			sourceTree = "<group>";
		};
		384A48EC2575A074002E04CB /* macOS */ = {
			isa = PBXGroup;
			children = (
				384A48ED2575A074002E04CB /* Info.plist */,
				384A48EE2575A074002E04CB /* macOS.entitlements */,
			);
			path = macOS;
			sourceTree = "<group>";
		};
		384A48F62575A074002E04CB /* Tests iOS */ = {
			isa = PBXGroup;
			children = (
				384A48F72575A074002E04CB /* Tests_iOS.swift */,
				384A48F92575A074002E04CB /* Info.plist */,
			);
			path = "Tests iOS";
			sourceTree = "<group>";
		};
		384A49012575A074002E04CB /* Tests macOS */ = {
			isa = PBXGroup;
			children = (
				384A49022575A074002E04CB /* Tests_macOS.swift */,
				38ECB159259BED2A0021E891 /* Test_LeaderSkill.swift */,
				384A49042575A074002E04CB /* Info.plist */,
			);
			path = "Tests macOS";
			sourceTree = "<group>";
		};
		38535E222582BBE9009411A1 /* Fixtures */ = {
			isa = PBXGroup;
			children = (
				38535E232582BCA9009411A1 /* bestiary_data.json.zip */,
			);
			path = Fixtures;
			sourceTree = "<group>";
		};
		38535E2A25832E71009411A1 /* Views */ = {
			isa = PBXGroup;
			children = (
				38535E2B25832E95009411A1 /* BJr5.swift */,
				3848A413258D700C000809EF /* BestiaryView.swift */,
				38922C7E2599562800CCF63B /* MonsterView.swift */,
				38A0ADAD258EC067005C01D0 /* RuneGrid.swift */,
			);
			path = Views;
			sourceTree = "<group>";
		};
		38535E3D25833C3F009411A1 /* Base */ = {
			isa = PBXGroup;
			children = (
				38CFB6B82576EFC600F0C398 /* Monster+Extension.swift */,
				38535E3625833145009411A1 /* Building+Extension.swift */,
				386010202599C12E00118951 /* AwakenCost.swift */,
				386010362599C4B500118951 /* MonsterCraftCost.swift */,
				38CFB7882579E28400F0C398 /* Source.swift */,
				3860104C259AB48F00118951 /* GameItem.swift */,
				38CFB6FF25782F9B00F0C398 /* LeaderSkill.swift */,
				38CFB7652579DE4D00F0C398 /* Skill.swift */,
				38CFB7812579E24000F0C398 /* SkillUpgrade.swift */,
				38CFB70D2578306C00F0C398 /* Fusion.swift */,
				386010112599B32900118951 /* HomunculusSkill.swift */,
				38CFB76C2579DE8700F0C398 /* SkillScalingStat.swift */,
				38CFB72E2578494400F0C398 /* MonsterSkill.swift */,
				38CFB7732579DEC000F0C398 /* SkillEffect.swift */,
				38CFB77A2579DEE800F0C398 /* SkillEffectDetail.swift */,
			);
			path = Base;
			sourceTree = "<group>";
		};
		38535E5325847D9B009411A1 /* Instances */ = {
			isa = PBXGroup;
			children = (
				38CFB6D225772A3100F0C398 /* Summoner.swift */,
				38CFB7152578388E00F0C398 /* MonsterInstance.swift */,
				38A0AD60258DD08C005C01D0 /* BuildingInstance.swift */,
				38CFB7202578462700F0C398 /* RuneInstance.swift */,
				38CFB727257848C900F0C398 /* ArtifactInstance.swift */,
				38CFB7062578303E00F0C398 /* FusionIngredients.swift */,
				38CFB6C62577291800F0C398 /* TeamGroup.swift */,
				38CFB6F82577701800F0C398 /* Team.swift */,
			);
			path = Instances;
			sourceTree = "<group>";
		};
		38600028259275FE0071569A /* Enums */ = {
			isa = PBXGroup;
			children = (
				38600029259276130071569A /* MonsterEnums.swift */,
			);
			path = Enums;
			sourceTree = "<group>";
		};
		38A0AD58258DCBE7005C01D0 /* JSON Instance */ = {
			isa = PBXGroup;
			children = (
				38A0AD59258DCC05005C01D0 /* BuildingInstanceData.swift */,
				38F1BD2825A016460070B13E /* ArtifactInstanceData.swift */,
				389F89BC259805B300006C09 /* SummonerData.swift */,
				38A0ADC7258F0C77005C01D0 /* MonsterInstanceData.swift */,
				38A0AD67258DD4FA005C01D0 /* RuneInstanceData.swift */,
			);
			path = "JSON Instance";
			sourceTree = "<group>";
		};
		38A1C649257DE52A0032878E /* Utility Views */ = {
			isa = PBXGroup;
			children = (
				38004501259E93140098A75C /* MonsterInstanceSummaryView.swift */,
				38E1101B25903C6100D4BBB0 /* RuneIconBase.swift */,
				38A1C64A257DE52A0032878E /* RuneIconView.swift */,
				38A1C64B257DE52A0032878E /* MonsterIconView.swift */,
				38535E54258480A6009411A1 /* BuildingViews.swift */,
			);
			path = "Utility Views";
			sourceTree = "<group>";
		};
		38BC3ABD2589CC7800A85FBE /* JSON Base */ = {
			isa = PBXGroup;
			children = (
				38A0AD4D258DC44B005C01D0 /* PlayerImport.swift */,
				38BC3AC42589CCBD00A85FBE /* BestiaryImport.swift */,
				38BC3B12258C50AC00A85FBE /* AwakenCostData.swift */,
				3860102F2599C3EF00118951 /* MonsterCraftCostData.swift */,
				38BC3AC02589CC8E00A85FBE /* BuildingData.swift */,
				38BC3ABF2589CC8C00A85FBE /* FusionData.swift */,
				38BC3AC12589CC9000A85FBE /* MonsterData.swift */,
				38BC3AC22589CC9300A85FBE /* SkillData.swift */,
				38BC3AC32589CC9500A85FBE /* SourceData.swift */,
				38601045259AB19900118951 /* GameItemData.swift */,
				38BC3ABE2589CC8B00A85FBE /* JSONDecodable.swift */,
			);
			path = "JSON Base";
			sourceTree = "<group>";
		};
		38BC3AF7258B087800A85FBE /* Previews */ = {
			isa = PBXGroup;
			children = (
				38ECB147259BCFF30021E891 /* Monster+Previews.swift */,
				38BC3AF8258B0AD700A85FBE /* Building+Previews.swift */,
				3818B167259D843F00CCE47E /* Skill+Previews.swift */,
				389F89CF25982B5F00006C09 /* Summoner+Previews.swift */,
				38A0ADB8258EE9A5005C01D0 /* RuneInstance+Previews.swift */,
				380044FA259E61940098A75C /* MonsterInstance+Previews.swift */,
				389F89DF25982BB100006C09 /* Decoration+Previews.swift */,
				38922C90259999FB00CCF63B /* LeaderSkill+Previews.swift */,
				38ECB152259BD1920021E891 /* Source+Previews.swift */,
			);
			path = Previews;
			sourceTree = "<group>";
		};
		38CFB6B72576EF9E00F0C398 /* Models */ = {
			isa = PBXGroup;
			children = (
				384A496D2575A1ED002E04CB /* Persistence.swift */,
				384A49782575A359002E04CB /* SummonerTasks.xcdatamodeld */,
				38600028259275FE0071569A /* Enums */,
				38BC3ABD2589CC7800A85FBE /* JSON Base */,
				38A0AD58258DCBE7005C01D0 /* JSON Instance */,
				38535E3D25833C3F009411A1 /* Base */,
				38535E5325847D9B009411A1 /* Instances */,
				38CFB714257831F600F0C398 /* README.md */,
				38CFB75E2579B84300F0C398 /* Task.swift */,
				38DB9D5B257EF83A0038BDC0 /* Data.swift */,
			);
			path = Models;
			sourceTree = "<group>";
		};
		38CFB793257AFB1900F0C398 /* Extensions */ = {
			isa = PBXGroup;
			children = (
				38CFB794257AFB3700F0C398 /* DateFormatter+extensions.swift */,
				38000B302585CEFD00BED558 /* Bundle-decoder.swift */,
				38A1C680257E06820032878E /* Bundle+Extension.swift */,
			);
			path = Extensions;
			sourceTree = "<group>";
		};
		38DB9D53257EF7B90038BDC0 /* LICENSE */ = {
			isa = PBXGroup;
			children = (
				38DB9D54257EF7F90038BDC0 /* LICENSE.txt */,
			);
			path = LICENSE;
			sourceTree = "<group>";
		};
/* End PBXGroup section */

/* Begin PBXNativeTarget section */
		384A48E22575A074002E04CB /* SummonerTasks (iOS) */ = {
			isa = PBXNativeTarget;
			buildConfigurationList = 384A490F2575A074002E04CB /* Build configuration list for PBXNativeTarget "SummonerTasks (iOS)" */;
			buildPhases = (
				384A48DF2575A074002E04CB /* Sources */,
				384A48E02575A074002E04CB /* Frameworks */,
				384A48E12575A074002E04CB /* Resources */,
			);
			buildRules = (
			);
			dependencies = (
			);
			name = "SummonerTasks (iOS)";
			productName = "SummonerTasks (iOS)";
			productReference = 384A48E32575A074002E04CB /* SummonerTasks.app */;
			productType = "com.apple.product-type.application";
		};
		384A48EA2575A074002E04CB /* SummonerTasks (macOS) */ = {
			isa = PBXNativeTarget;
			buildConfigurationList = 384A49122575A074002E04CB /* Build configuration list for PBXNativeTarget "SummonerTasks (macOS)" */;
			buildPhases = (
				384A48E72575A074002E04CB /* Sources */,
				384A48E82575A074002E04CB /* Frameworks */,
				384A48E92575A074002E04CB /* Resources */,
			);
			buildRules = (
			);
			dependencies = (
			);
			name = "SummonerTasks (macOS)";
			productName = "SummonerTasks (macOS)";
			productReference = 384A48EB2575A074002E04CB /* SummonerTasks.app */;
			productType = "com.apple.product-type.application";
		};
		384A48F22575A074002E04CB /* Tests iOS */ = {
			isa = PBXNativeTarget;
			buildConfigurationList = 384A49152575A074002E04CB /* Build configuration list for PBXNativeTarget "Tests iOS" */;
			buildPhases = (
				384A48EF2575A074002E04CB /* Sources */,
				384A48F02575A074002E04CB /* Frameworks */,
				384A48F12575A074002E04CB /* Resources */,
			);
			buildRules = (
			);
			dependencies = (
				384A48F52575A074002E04CB /* PBXTargetDependency */,
			);
			name = "Tests iOS";
			productName = "Tests iOS";
			productReference = 384A48F32575A074002E04CB /* Tests iOS.xctest */;
			productType = "com.apple.product-type.bundle.ui-testing";
		};
		384A48FD2575A074002E04CB /* Tests macOS */ = {
			isa = PBXNativeTarget;
			buildConfigurationList = 384A49182575A074002E04CB /* Build configuration list for PBXNativeTarget "Tests macOS" */;
			buildPhases = (
				384A48FA2575A074002E04CB /* Sources */,
				384A48FB2575A074002E04CB /* Frameworks */,
				384A48FC2575A074002E04CB /* Resources */,
			);
			buildRules = (
			);
			dependencies = (
				384A49002575A074002E04CB /* PBXTargetDependency */,
			);
			name = "Tests macOS";
			productName = "Tests macOS";
			productReference = 384A48FE2575A074002E04CB /* Tests macOS.xctest */;
			productType = "com.apple.product-type.bundle.ui-testing";
		};
/* End PBXNativeTarget section */

/* Begin PBXProject section */
		384A48D62575A070002E04CB /* Project object */ = {
			isa = PBXProject;
			attributes = {
				LastSwiftUpdateCheck = 1220;
				LastUpgradeCheck = 1220;
				TargetAttributes = {
					384A48E22575A074002E04CB = {
						CreatedOnToolsVersion = 12.2;
					};
					384A48EA2575A074002E04CB = {
						CreatedOnToolsVersion = 12.2;
					};
					384A48F22575A074002E04CB = {
						CreatedOnToolsVersion = 12.2;
						TestTargetID = 384A48E22575A074002E04CB;
					};
					384A48FD2575A074002E04CB = {
						CreatedOnToolsVersion = 12.2;
						TestTargetID = 384A48EA2575A074002E04CB;
					};
				};
			};
			buildConfigurationList = 384A48D92575A070002E04CB /* Build configuration list for PBXProject "SummonerTasks" */;
			compatibilityVersion = "Xcode 9.3";
			developmentRegion = en;
			hasScannedForEncodings = 0;
			knownRegions = (
				en,
				Base,
			);
			mainGroup = 384A48D52575A070002E04CB;
			productRefGroup = 384A48E42575A074002E04CB /* Products */;
			projectDirPath = "";
			projectRoot = "";
			targets = (
				384A48E22575A074002E04CB /* SummonerTasks (iOS) */,
				384A48EA2575A074002E04CB /* SummonerTasks (macOS) */,
				384A48F22575A074002E04CB /* Tests iOS */,
				384A48FD2575A074002E04CB /* Tests macOS */,
			);
		};
/* End PBXProject section */

/* Begin PBXResourcesBuildPhase section */
		384A48E12575A074002E04CB /* Resources */ = {
			isa = PBXResourcesBuildPhase;
			buildActionMask = 2147483647;
			files = (
				38DB9D55257EF7F90038BDC0 /* LICENSE.txt in Resources */,
				38DB9D62257F21B80038BDC0 /* Images in Resources */,
				38000B402587F9DA00BED558 /* building-mini.json in Resources */,
				384A490B2575A074002E04CB /* Assets.xcassets in Resources */,
				38535E242582BCA9009411A1 /* bestiary_data.json.zip in Resources */,
			);
			runOnlyForDeploymentPostprocessing = 0;
		};
		384A48E92575A074002E04CB /* Resources */ = {
			isa = PBXResourcesBuildPhase;
			buildActionMask = 2147483647;
			files = (
				38DB9D56257EF7F90038BDC0 /* LICENSE.txt in Resources */,
				38DB9D63257F21B90038BDC0 /* Images in Resources */,
				38000B412587F9DA00BED558 /* building-mini.json in Resources */,
				384A490C2575A074002E04CB /* Assets.xcassets in Resources */,
				38535E252582BCA9009411A1 /* bestiary_data.json.zip in Resources */,
			);
			runOnlyForDeploymentPostprocessing = 0;
		};
		384A48F12575A074002E04CB /* Resources */ = {
			isa = PBXResourcesBuildPhase;
			buildActionMask = 2147483647;
			files = (
			);
			runOnlyForDeploymentPostprocessing = 0;
		};
		384A48FC2575A074002E04CB /* Resources */ = {
			isa = PBXResourcesBuildPhase;
			buildActionMask = 2147483647;
			files = (
			);
			runOnlyForDeploymentPostprocessing = 0;
		};
/* End PBXResourcesBuildPhase section */

/* Begin PBXSourcesBuildPhase section */
		384A48DF2575A074002E04CB /* Sources */ = {
			isa = PBXSourcesBuildPhase;
			buildActionMask = 2147483647;
			files = (
				38A1C656257DE52A0032878E /* RuneIconView.swift in Sources */,
				38BC3AD52589CCE900A85FBE /* FusionData.swift in Sources */,
				38CFB70025782F9B00F0C398 /* LeaderSkill.swift in Sources */,
				38CFB7742579DEC000F0C398 /* SkillEffect.swift in Sources */,
				3818B168259D843F00CCE47E /* Skill+Previews.swift in Sources */,
				38A0ADB9258EE9A5005C01D0 /* RuneInstance+Previews.swift in Sources */,
				38A1C64E257DE52A0032878E /* BestiaryGoalsView.swift in Sources */,
				38A0AD4E258DC44B005C01D0 /* PlayerImport.swift in Sources */,
				38BC3AE72589CCF900A85FBE /* SourceData.swift in Sources */,
				38BC3AE12589CCF200A85FBE /* SkillData.swift in Sources */,
				38DB9D5C257EF83A0038BDC0 /* Data.swift in Sources */,
				389F89BD259805B300006C09 /* SummonerData.swift in Sources */,
				384A49052575A074002E04CB /* SummonerTasksApp.swift in Sources */,
				38ECB153259BD1920021E891 /* Source+Previews.swift in Sources */,
				38F1BD2925A016460070B13E /* ArtifactInstanceData.swift in Sources */,
				38A1C654257DE52A0032878E /* FusionContentView.swift in Sources */,
				38CFB7212578462700F0C398 /* RuneInstance.swift in Sources */,
				38A0AD5A258DCC05005C01D0 /* BuildingInstanceData.swift in Sources */,
				38A1C658257DE52A0032878E /* MonsterIconView.swift in Sources */,
				389F89E025982BB100006C09 /* Decoration+Previews.swift in Sources */,
				38BC3ACF2589CCE500A85FBE /* BuildingData.swift in Sources */,
				38CFB6C72577291800F0C398 /* TeamGroup.swift in Sources */,
				386010372599C4B500118951 /* MonsterCraftCost.swift in Sources */,
				38CFB7822579E24000F0C398 /* SkillUpgrade.swift in Sources */,
				38A0ADAE258EC067005C01D0 /* RuneGrid.swift in Sources */,
				3848A414258D700C000809EF /* BestiaryView.swift in Sources */,
				38A0AD61258DD08C005C01D0 /* BuildingInstance.swift in Sources */,
				3860002A259276130071569A /* MonsterEnums.swift in Sources */,
				38A0ADC8258F0C77005C01D0 /* MonsterInstanceData.swift in Sources */,
				38BC3AED2589CCFF00A85FBE /* JSONDecodable.swift in Sources */,
				38CFB728257848C900F0C398 /* ArtifactInstance.swift in Sources */,
				380044FB259E61940098A75C /* MonsterInstance+Previews.swift in Sources */,
				38BC3B13258C50AC00A85FBE /* AwakenCostData.swift in Sources */,
				38535E2C25832E95009411A1 /* BJr5.swift in Sources */,
				386010122599B32900118951 /* HomunculusSkill.swift in Sources */,
				38922C91259999FB00CCF63B /* LeaderSkill+Previews.swift in Sources */,
				38BC3ADC2589CCEE00A85FBE /* MonsterData.swift in Sources */,
				386010302599C3EF00118951 /* MonsterCraftCostData.swift in Sources */,
				38CFB72F2578494400F0C398 /* MonsterSkill.swift in Sources */,
				38CFB77B2579DEE800F0C398 /* SkillEffectDetail.swift in Sources */,
				38535E55258480A6009411A1 /* BuildingViews.swift in Sources */,
				38ECB148259BCFF30021E891 /* Monster+Previews.swift in Sources */,
				384A496E2575A1ED002E04CB /* Persistence.swift in Sources */,
				38CFB6B92576EFC600F0C398 /* Monster+Extension.swift in Sources */,
				389F89D025982B5F00006C09 /* Summoner+Previews.swift in Sources */,
				384A49822575A3E1002E04CB /* SummonerTasks.xcdatamodeld in Sources */,
				38BC3AF9258B0AD700A85FBE /* Building+Previews.swift in Sources */,
				38CFB7162578388E00F0C398 /* MonsterInstance.swift in Sources */,
				38CFB7072578303E00F0C398 /* FusionIngredients.swift in Sources */,
				38CFB795257AFB3700F0C398 /* DateFormatter+extensions.swift in Sources */,
				38A1C681257E06820032878E /* Bundle+Extension.swift in Sources */,
				38E1101C25903C6100D4BBB0 /* RuneIconBase.swift in Sources */,
				384A49072575A074002E04CB /* SummonerTasksDocument.swift in Sources */,
				38CFB6D325772A3100F0C398 /* Summoner.swift in Sources */,
				38CFB70E2578306C00F0C398 /* Fusion.swift in Sources */,
				384A499A2575A9DB002E04CB /* ModelEnums.swift in Sources */,
				38922C7F2599562800CCF63B /* MonsterView.swift in Sources */,
				38CFB6F92577701800F0C398 /* Team.swift in Sources */,
				38000B312585CEFD00BED558 /* Bundle-decoder.swift in Sources */,
				38004502259E93140098A75C /* MonsterInstanceSummaryView.swift in Sources */,
				38BC3AC52589CCBD00A85FBE /* BestiaryImport.swift in Sources */,
				38535E3725833145009411A1 /* Building+Extension.swift in Sources */,
				38A1C64C257DE52A0032878E /* BestiaryGoalsDelegate.swift in Sources */,
				38CFB7892579E28400F0C398 /* Source.swift in Sources */,
				38CFB7662579DE4D00F0C398 /* Skill.swift in Sources */,
				38CFB76D2579DE8700F0C398 /* SkillScalingStat.swift in Sources */,
				38A0AD68258DD4FA005C01D0 /* RuneInstanceData.swift in Sources */,
				38A1C650257DE52A0032878E /* FusionSceneDelegate.swift in Sources */,
				386010212599C12E00118951 /* AwakenCost.swift in Sources */,
				38CFB75F2579B84300F0C398 /* Task.swift in Sources */,
				38601046259AB19A00118951 /* GameItemData.swift in Sources */,
				3860104D259AB48F00118951 /* GameItem.swift in Sources */,
				384A49092575A074002E04CB /* ContentView.swift in Sources */,
			);
			runOnlyForDeploymentPostprocessing = 0;
		};
		384A48E72575A074002E04CB /* Sources */ = {
			isa = PBXSourcesBuildPhase;
			buildActionMask = 2147483647;
			files = (
				38A1C657257DE52A0032878E /* RuneIconView.swift in Sources */,
				38A0ADBA258EE9A5005C01D0 /* RuneInstance+Previews.swift in Sources */,
				38BC3B14258C50AC00A85FBE /* AwakenCostData.swift in Sources */,
				38A0ADC9258F0C77005C01D0 /* MonsterInstanceData.swift in Sources */,
				38A1C682257E06820032878E /* Bundle+Extension.swift in Sources */,
				38DB9D74258059A30038BDC0 /* Monster+Extension.swift in Sources */,
				38A0AD62258DD08C005C01D0 /* BuildingInstance.swift in Sources */,
				38ECB154259BD1920021E891 /* Source+Previews.swift in Sources */,
				3860104E259AB48F00118951 /* GameItem.swift in Sources */,
				38922C92259999FB00CCF63B /* LeaderSkill+Previews.swift in Sources */,
				38BC3AD62589CCEA00A85FBE /* FusionData.swift in Sources */,
				38F1BD2A25A016460070B13E /* ArtifactInstanceData.swift in Sources */,
				38CFB70125782F9C00F0C398 /* LeaderSkill.swift in Sources */,
				38004503259E93140098A75C /* MonsterInstanceSummaryView.swift in Sources */,
				389F89E125982BB100006C09 /* Decoration+Previews.swift in Sources */,
				38A0AD69258DD4FA005C01D0 /* RuneInstanceData.swift in Sources */,
				38CFB7752579DEC000F0C398 /* SkillEffect.swift in Sources */,
				384A49062575A074002E04CB /* SummonerTasksApp.swift in Sources */,
				38ECB149259BCFF30021E891 /* Monster+Previews.swift in Sources */,
				38A1C655257DE52A0032878E /* FusionContentView.swift in Sources */,
				38CFB7222578462700F0C398 /* RuneInstance.swift in Sources */,
				386010222599C12E00118951 /* AwakenCost.swift in Sources */,
				38BC3AEE2589CD0000A85FBE /* JSONDecodable.swift in Sources */,
				38A1C659257DE52A0032878E /* MonsterIconView.swift in Sources */,
				38535E56258480A6009411A1 /* BuildingViews.swift in Sources */,
				384A496F2575A1ED002E04CB /* Persistence.swift in Sources */,
				38CFB7832579E24000F0C398 /* SkillUpgrade.swift in Sources */,
				38CFB729257848C900F0C398 /* ArtifactInstance.swift in Sources */,
				38E1101D25903C6100D4BBB0 /* RuneIconBase.swift in Sources */,
				38CFB7302578494400F0C398 /* MonsterSkill.swift in Sources */,
				38CFB77C2579DEE800F0C398 /* SkillEffectDetail.swift in Sources */,
				38DB9D5D257EF83A0038BDC0 /* Data.swift in Sources */,
				38A0AD5B258DCC05005C01D0 /* BuildingInstanceData.swift in Sources */,
				384A49872575A3E2002E04CB /* SummonerTasks.xcdatamodeld in Sources */,
				384A49082575A074002E04CB /* SummonerTasksDocument.swift in Sources */,
				38BC3AE22589CCF200A85FBE /* SkillData.swift in Sources */,
				38CFB7172578388E00F0C398 /* MonsterInstance.swift in Sources */,
				38CFB7082578303E00F0C398 /* FusionIngredients.swift in Sources */,
				38CFB796257AFB3700F0C398 /* DateFormatter+extensions.swift in Sources */,
				3848A415258D700C000809EF /* BestiaryView.swift in Sources */,
				38922C802599562800CCF63B /* MonsterView.swift in Sources */,
				389F89D125982B5F00006C09 /* Summoner+Previews.swift in Sources */,
				38BC3AE82589CCFA00A85FBE /* SourceData.swift in Sources */,
				384A499B2575A9DB002E04CB /* ModelEnums.swift in Sources */,
				38000B322585CEFD00BED558 /* Bundle-decoder.swift in Sources */,
				386010382599C4B500118951 /* MonsterCraftCost.swift in Sources */,
				38CFB6D425772A3100F0C398 /* Summoner.swift in Sources */,
				38A0ADAF258EC067005C01D0 /* RuneGrid.swift in Sources */,
				3818B169259D843F00CCE47E /* Skill+Previews.swift in Sources */,
				38CFB70F2578306C00F0C398 /* Fusion.swift in Sources */,
				38BC3AC62589CCBD00A85FBE /* BestiaryImport.swift in Sources */,
				38CFB6C82577291800F0C398 /* TeamGroup.swift in Sources */,
				38A0AD4F258DC44B005C01D0 /* PlayerImport.swift in Sources */,
				38535E2D25832E95009411A1 /* BJr5.swift in Sources */,
				38601047259AB19A00118951 /* GameItemData.swift in Sources */,
				389F89BE259805B300006C09 /* SummonerData.swift in Sources */,
				38535E3825833145009411A1 /* Building+Extension.swift in Sources */,
				38CFB6FA2577701800F0C398 /* Team.swift in Sources */,
				380044FC259E61940098A75C /* MonsterInstance+Previews.swift in Sources */,
				38CFB78A2579E28400F0C398 /* Source.swift in Sources */,
				38BC3ADB2589CCED00A85FBE /* MonsterData.swift in Sources */,
				38CFB7672579DE4D00F0C398 /* Skill.swift in Sources */,
				38BC3AFA258B0AD700A85FBE /* Building+Previews.swift in Sources */,
				38CFB76E2579DE8700F0C398 /* SkillScalingStat.swift in Sources */,
				38A1C651257DE52A0032878E /* FusionSceneDelegate.swift in Sources */,
				386010312599C3EF00118951 /* MonsterCraftCostData.swift in Sources */,
				38CFB7602579B84300F0C398 /* Task.swift in Sources */,
				384A490A2575A074002E04CB /* ContentView.swift in Sources */,
				386010132599B32900118951 /* HomunculusSkill.swift in Sources */,
				38BC3AD02589CCE600A85FBE /* BuildingData.swift in Sources */,
				38600033259276690071569A /* MonsterEnums.swift in Sources */,
			);
			runOnlyForDeploymentPostprocessing = 0;
		};
		384A48EF2575A074002E04CB /* Sources */ = {
			isa = PBXSourcesBuildPhase;
			buildActionMask = 2147483647;
			files = (
				384A48F82575A074002E04CB /* Tests_iOS.swift in Sources */,
			);
			runOnlyForDeploymentPostprocessing = 0;
		};
		384A48FA2575A074002E04CB /* Sources */ = {
			isa = PBXSourcesBuildPhase;
			buildActionMask = 2147483647;
			files = (
				38ECB15A259BED2A0021E891 /* Test_LeaderSkill.swift in Sources */,
				384A49032575A074002E04CB /* Tests_macOS.swift in Sources */,
			);
			runOnlyForDeploymentPostprocessing = 0;
		};
/* End PBXSourcesBuildPhase section */

/* Begin PBXTargetDependency section */
		384A48F52575A074002E04CB /* PBXTargetDependency */ = {
			isa = PBXTargetDependency;
			target = 384A48E22575A074002E04CB /* SummonerTasks (iOS) */;
			targetProxy = 384A48F42575A074002E04CB /* PBXContainerItemProxy */;
		};
		384A49002575A074002E04CB /* PBXTargetDependency */ = {
			isa = PBXTargetDependency;
			target = 384A48EA2575A074002E04CB /* SummonerTasks (macOS) */;
			targetProxy = 384A48FF2575A074002E04CB /* PBXContainerItemProxy */;
		};
/* End PBXTargetDependency section */

/* Begin XCBuildConfiguration section */
		384A490D2575A074002E04CB /* Debug */ = {
			isa = XCBuildConfiguration;
			buildSettings = {
				ALWAYS_SEARCH_USER_PATHS = NO;
				CLANG_ANALYZER_NONNULL = YES;
				CLANG_ANALYZER_NUMBER_OBJECT_CONVERSION = YES_AGGRESSIVE;
				CLANG_CXX_LANGUAGE_STANDARD = "gnu++14";
				CLANG_CXX_LIBRARY = "libc++";
				CLANG_ENABLE_MODULES = YES;
				CLANG_ENABLE_OBJC_ARC = YES;
				CLANG_ENABLE_OBJC_WEAK = YES;
				CLANG_WARN_BLOCK_CAPTURE_AUTORELEASING = YES;
				CLANG_WARN_BOOL_CONVERSION = YES;
				CLANG_WARN_COMMA = YES;
				CLANG_WARN_CONSTANT_CONVERSION = YES;
				CLANG_WARN_DEPRECATED_OBJC_IMPLEMENTATIONS = YES;
				CLANG_WARN_DIRECT_OBJC_ISA_USAGE = YES_ERROR;
				CLANG_WARN_DOCUMENTATION_COMMENTS = YES;
				CLANG_WARN_EMPTY_BODY = YES;
				CLANG_WARN_ENUM_CONVERSION = YES;
				CLANG_WARN_INFINITE_RECURSION = YES;
				CLANG_WARN_INT_CONVERSION = YES;
				CLANG_WARN_NON_LITERAL_NULL_CONVERSION = YES;
				CLANG_WARN_OBJC_IMPLICIT_RETAIN_SELF = YES;
				CLANG_WARN_OBJC_LITERAL_CONVERSION = YES;
				CLANG_WARN_OBJC_ROOT_CLASS = YES_ERROR;
				CLANG_WARN_QUOTED_INCLUDE_IN_FRAMEWORK_HEADER = YES;
				CLANG_WARN_RANGE_LOOP_ANALYSIS = YES;
				CLANG_WARN_STRICT_PROTOTYPES = YES;
				CLANG_WARN_SUSPICIOUS_MOVE = YES;
				CLANG_WARN_UNGUARDED_AVAILABILITY = YES_AGGRESSIVE;
				CLANG_WARN_UNREACHABLE_CODE = YES;
				CLANG_WARN__DUPLICATE_METHOD_MATCH = YES;
				COPY_PHASE_STRIP = NO;
				DEBUG_INFORMATION_FORMAT = dwarf;
				ENABLE_STRICT_OBJC_MSGSEND = YES;
				ENABLE_TESTABILITY = YES;
				GCC_C_LANGUAGE_STANDARD = gnu11;
				GCC_DYNAMIC_NO_PIC = NO;
				GCC_NO_COMMON_BLOCKS = YES;
				GCC_OPTIMIZATION_LEVEL = 0;
				GCC_PREPROCESSOR_DEFINITIONS = (
					"DEBUG=1",
					"$(inherited)",
				);
				GCC_WARN_64_TO_32_BIT_CONVERSION = YES;
				GCC_WARN_ABOUT_RETURN_TYPE = YES_ERROR;
				GCC_WARN_UNDECLARED_SELECTOR = YES;
				GCC_WARN_UNINITIALIZED_AUTOS = YES_AGGRESSIVE;
				GCC_WARN_UNUSED_FUNCTION = YES;
				GCC_WARN_UNUSED_VARIABLE = YES;
				IPHONEOS_DEPLOYMENT_TARGET = 14.2;
				MACOSX_DEPLOYMENT_TARGET = 11.0;
				MTL_ENABLE_DEBUG_INFO = INCLUDE_SOURCE;
				MTL_FAST_MATH = YES;
				ONLY_ACTIVE_ARCH = YES;
				SWIFT_ACTIVE_COMPILATION_CONDITIONS = DEBUG;
				SWIFT_OPTIMIZATION_LEVEL = "-Onone";
			};
			name = Debug;
		};
		384A490E2575A074002E04CB /* Release */ = {
			isa = XCBuildConfiguration;
			buildSettings = {
				ALWAYS_SEARCH_USER_PATHS = NO;
				CLANG_ANALYZER_NONNULL = YES;
				CLANG_ANALYZER_NUMBER_OBJECT_CONVERSION = YES_AGGRESSIVE;
				CLANG_CXX_LANGUAGE_STANDARD = "gnu++14";
				CLANG_CXX_LIBRARY = "libc++";
				CLANG_ENABLE_MODULES = YES;
				CLANG_ENABLE_OBJC_ARC = YES;
				CLANG_ENABLE_OBJC_WEAK = YES;
				CLANG_WARN_BLOCK_CAPTURE_AUTORELEASING = YES;
				CLANG_WARN_BOOL_CONVERSION = YES;
				CLANG_WARN_COMMA = YES;
				CLANG_WARN_CONSTANT_CONVERSION = YES;
				CLANG_WARN_DEPRECATED_OBJC_IMPLEMENTATIONS = YES;
				CLANG_WARN_DIRECT_OBJC_ISA_USAGE = YES_ERROR;
				CLANG_WARN_DOCUMENTATION_COMMENTS = YES;
				CLANG_WARN_EMPTY_BODY = YES;
				CLANG_WARN_ENUM_CONVERSION = YES;
				CLANG_WARN_INFINITE_RECURSION = YES;
				CLANG_WARN_INT_CONVERSION = YES;
				CLANG_WARN_NON_LITERAL_NULL_CONVERSION = YES;
				CLANG_WARN_OBJC_IMPLICIT_RETAIN_SELF = YES;
				CLANG_WARN_OBJC_LITERAL_CONVERSION = YES;
				CLANG_WARN_OBJC_ROOT_CLASS = YES_ERROR;
				CLANG_WARN_QUOTED_INCLUDE_IN_FRAMEWORK_HEADER = YES;
				CLANG_WARN_RANGE_LOOP_ANALYSIS = YES;
				CLANG_WARN_STRICT_PROTOTYPES = YES;
				CLANG_WARN_SUSPICIOUS_MOVE = YES;
				CLANG_WARN_UNGUARDED_AVAILABILITY = YES_AGGRESSIVE;
				CLANG_WARN_UNREACHABLE_CODE = YES;
				CLANG_WARN__DUPLICATE_METHOD_MATCH = YES;
				COPY_PHASE_STRIP = NO;
				DEBUG_INFORMATION_FORMAT = "dwarf-with-dsym";
				ENABLE_NS_ASSERTIONS = NO;
				ENABLE_STRICT_OBJC_MSGSEND = YES;
				GCC_C_LANGUAGE_STANDARD = gnu11;
				GCC_NO_COMMON_BLOCKS = YES;
				GCC_WARN_64_TO_32_BIT_CONVERSION = YES;
				GCC_WARN_ABOUT_RETURN_TYPE = YES_ERROR;
				GCC_WARN_UNDECLARED_SELECTOR = YES;
				GCC_WARN_UNINITIALIZED_AUTOS = YES_AGGRESSIVE;
				GCC_WARN_UNUSED_FUNCTION = YES;
				GCC_WARN_UNUSED_VARIABLE = YES;
				IPHONEOS_DEPLOYMENT_TARGET = 14.2;
				MACOSX_DEPLOYMENT_TARGET = 11.0;
				MTL_ENABLE_DEBUG_INFO = NO;
				MTL_FAST_MATH = YES;
				SWIFT_COMPILATION_MODE = wholemodule;
				SWIFT_OPTIMIZATION_LEVEL = "-O";
			};
			name = Release;
		};
		384A49102575A074002E04CB /* Debug */ = {
			isa = XCBuildConfiguration;
			buildSettings = {
				ASSETCATALOG_COMPILER_APPICON_NAME = AppIcon;
				ASSETCATALOG_COMPILER_GLOBAL_ACCENT_COLOR_NAME = AccentColor;
				CODE_SIGN_STYLE = Automatic;
				DEVELOPMENT_TEAM = V3N8JZ2T92;
				ENABLE_PREVIEWS = YES;
				INFOPLIST_FILE = iOS/Info.plist;
				IPHONEOS_DEPLOYMENT_TARGET = 14.0;
				LD_RUNPATH_SEARCH_PATHS = (
					"$(inherited)",
					"@executable_path/Frameworks",
				);
				PRODUCT_BUNDLE_IDENTIFIER = net.deirdre.SummonerTasks;
				PRODUCT_NAME = SummonerTasks;
				SDKROOT = iphoneos;
				SWIFT_VERSION = 5.0;
				TARGETED_DEVICE_FAMILY = "1,2";
			};
			name = Debug;
		};
		384A49112575A074002E04CB /* Release */ = {
			isa = XCBuildConfiguration;
			buildSettings = {
				ASSETCATALOG_COMPILER_APPICON_NAME = AppIcon;
				ASSETCATALOG_COMPILER_GLOBAL_ACCENT_COLOR_NAME = AccentColor;
				CODE_SIGN_STYLE = Automatic;
				DEVELOPMENT_TEAM = V3N8JZ2T92;
				ENABLE_PREVIEWS = YES;
				INFOPLIST_FILE = iOS/Info.plist;
				IPHONEOS_DEPLOYMENT_TARGET = 14.0;
				LD_RUNPATH_SEARCH_PATHS = (
					"$(inherited)",
					"@executable_path/Frameworks",
				);
				PRODUCT_BUNDLE_IDENTIFIER = net.deirdre.SummonerTasks;
				PRODUCT_NAME = SummonerTasks;
				SDKROOT = iphoneos;
				SWIFT_VERSION = 5.0;
				TARGETED_DEVICE_FAMILY = "1,2";
				VALIDATE_PRODUCT = YES;
			};
			name = Release;
		};
		384A49132575A074002E04CB /* Debug */ = {
			isa = XCBuildConfiguration;
			buildSettings = {
				ASSETCATALOG_COMPILER_APPICON_NAME = AppIcon;
				ASSETCATALOG_COMPILER_GLOBAL_ACCENT_COLOR_NAME = AccentColor;
				CODE_SIGN_ENTITLEMENTS = macOS/macOS.entitlements;
				CODE_SIGN_STYLE = Automatic;
				COMBINE_HIDPI_IMAGES = YES;
				DEVELOPMENT_TEAM = V3N8JZ2T92;
				ENABLE_HARDENED_RUNTIME = YES;
				ENABLE_PREVIEWS = YES;
				INFOPLIST_FILE = macOS/Info.plist;
				LD_RUNPATH_SEARCH_PATHS = (
					"$(inherited)",
					"@executable_path/../Frameworks",
				);
				MACOSX_DEPLOYMENT_TARGET = 11.0;
				PRODUCT_BUNDLE_IDENTIFIER = net.deirdre.SummonerTasks;
				PRODUCT_NAME = SummonerTasks;
				SDKROOT = macosx;
				SWIFT_VERSION = 5.0;
			};
			name = Debug;
		};
		384A49142575A074002E04CB /* Release */ = {
			isa = XCBuildConfiguration;
			buildSettings = {
				ASSETCATALOG_COMPILER_APPICON_NAME = AppIcon;
				ASSETCATALOG_COMPILER_GLOBAL_ACCENT_COLOR_NAME = AccentColor;
				CODE_SIGN_ENTITLEMENTS = macOS/macOS.entitlements;
				CODE_SIGN_STYLE = Automatic;
				COMBINE_HIDPI_IMAGES = YES;
				DEVELOPMENT_TEAM = V3N8JZ2T92;
				ENABLE_HARDENED_RUNTIME = YES;
				ENABLE_PREVIEWS = YES;
				INFOPLIST_FILE = macOS/Info.plist;
				LD_RUNPATH_SEARCH_PATHS = (
					"$(inherited)",
					"@executable_path/../Frameworks",
				);
				MACOSX_DEPLOYMENT_TARGET = 11.0;
				PRODUCT_BUNDLE_IDENTIFIER = net.deirdre.SummonerTasks;
				PRODUCT_NAME = SummonerTasks;
				SDKROOT = macosx;
				SWIFT_VERSION = 5.0;
			};
			name = Release;
		};
		384A49162575A074002E04CB /* Debug */ = {
			isa = XCBuildConfiguration;
			buildSettings = {
				ALWAYS_EMBED_SWIFT_STANDARD_LIBRARIES = YES;
				CODE_SIGN_STYLE = Automatic;
				DEVELOPMENT_TEAM = V3N8JZ2T92;
				INFOPLIST_FILE = "Tests iOS/Info.plist";
				IPHONEOS_DEPLOYMENT_TARGET = 14.2;
				LD_RUNPATH_SEARCH_PATHS = (
					"$(inherited)",
					"@executable_path/Frameworks",
					"@loader_path/Frameworks",
				);
				PRODUCT_BUNDLE_IDENTIFIER = "net.deirdre.Tests-iOS";
				PRODUCT_NAME = "$(TARGET_NAME)";
				SDKROOT = iphoneos;
				SWIFT_VERSION = 5.0;
				TARGETED_DEVICE_FAMILY = "1,2";
				TEST_TARGET_NAME = "SummonerTasks (iOS)";
			};
			name = Debug;
		};
		384A49172575A074002E04CB /* Release */ = {
			isa = XCBuildConfiguration;
			buildSettings = {
				ALWAYS_EMBED_SWIFT_STANDARD_LIBRARIES = YES;
				CODE_SIGN_STYLE = Automatic;
				DEVELOPMENT_TEAM = V3N8JZ2T92;
				INFOPLIST_FILE = "Tests iOS/Info.plist";
				IPHONEOS_DEPLOYMENT_TARGET = 14.2;
				LD_RUNPATH_SEARCH_PATHS = (
					"$(inherited)",
					"@executable_path/Frameworks",
					"@loader_path/Frameworks",
				);
				PRODUCT_BUNDLE_IDENTIFIER = "net.deirdre.Tests-iOS";
				PRODUCT_NAME = "$(TARGET_NAME)";
				SDKROOT = iphoneos;
				SWIFT_VERSION = 5.0;
				TARGETED_DEVICE_FAMILY = "1,2";
				TEST_TARGET_NAME = "SummonerTasks (iOS)";
				VALIDATE_PRODUCT = YES;
			};
			name = Release;
		};
		384A49192575A074002E04CB /* Debug */ = {
			isa = XCBuildConfiguration;
			buildSettings = {
				ALWAYS_EMBED_SWIFT_STANDARD_LIBRARIES = YES;
				CODE_SIGN_STYLE = Automatic;
				COMBINE_HIDPI_IMAGES = YES;
				DEVELOPMENT_TEAM = V3N8JZ2T92;
				INFOPLIST_FILE = "Tests macOS/Info.plist";
				LD_RUNPATH_SEARCH_PATHS = (
					"$(inherited)",
					"@executable_path/../Frameworks",
					"@loader_path/../Frameworks",
				);
				MACOSX_DEPLOYMENT_TARGET = 11.0;
				PRODUCT_BUNDLE_IDENTIFIER = "net.deirdre.Tests-macOS";
				PRODUCT_NAME = "$(TARGET_NAME)";
				SDKROOT = macosx;
				SWIFT_VERSION = 5.0;
				TEST_TARGET_NAME = "SummonerTasks (macOS)";
			};
			name = Debug;
		};
		384A491A2575A074002E04CB /* Release */ = {
			isa = XCBuildConfiguration;
			buildSettings = {
				ALWAYS_EMBED_SWIFT_STANDARD_LIBRARIES = YES;
				CODE_SIGN_STYLE = Automatic;
				COMBINE_HIDPI_IMAGES = YES;
				DEVELOPMENT_TEAM = V3N8JZ2T92;
				INFOPLIST_FILE = "Tests macOS/Info.plist";
				LD_RUNPATH_SEARCH_PATHS = (
					"$(inherited)",
					"@executable_path/../Frameworks",
					"@loader_path/../Frameworks",
				);
				MACOSX_DEPLOYMENT_TARGET = 11.0;
				PRODUCT_BUNDLE_IDENTIFIER = "net.deirdre.Tests-macOS";
				PRODUCT_NAME = "$(TARGET_NAME)";
				SDKROOT = macosx;
				SWIFT_VERSION = 5.0;
				TEST_TARGET_NAME = "SummonerTasks (macOS)";
			};
			name = Release;
		};
/* End XCBuildConfiguration section */

/* Begin XCConfigurationList section */
		384A48D92575A070002E04CB /* Build configuration list for PBXProject "SummonerTasks" */ = {
			isa = XCConfigurationList;
			buildConfigurations = (
				384A490D2575A074002E04CB /* Debug */,
				384A490E2575A074002E04CB /* Release */,
			);
			defaultConfigurationIsVisible = 0;
			defaultConfigurationName = Release;
		};
		384A490F2575A074002E04CB /* Build configuration list for PBXNativeTarget "SummonerTasks (iOS)" */ = {
			isa = XCConfigurationList;
			buildConfigurations = (
				384A49102575A074002E04CB /* Debug */,
				384A49112575A074002E04CB /* Release */,
			);
			defaultConfigurationIsVisible = 0;
			defaultConfigurationName = Release;
		};
		384A49122575A074002E04CB /* Build configuration list for PBXNativeTarget "SummonerTasks (macOS)" */ = {
			isa = XCConfigurationList;
			buildConfigurations = (
				384A49132575A074002E04CB /* Debug */,
				384A49142575A074002E04CB /* Release */,
			);
			defaultConfigurationIsVisible = 0;
			defaultConfigurationName = Release;
		};
		384A49152575A074002E04CB /* Build configuration list for PBXNativeTarget "Tests iOS" */ = {
			isa = XCConfigurationList;
			buildConfigurations = (
				384A49162575A074002E04CB /* Debug */,
				384A49172575A074002E04CB /* Release */,
			);
			defaultConfigurationIsVisible = 0;
			defaultConfigurationName = Release;
		};
		384A49182575A074002E04CB /* Build configuration list for PBXNativeTarget "Tests macOS" */ = {
			isa = XCConfigurationList;
			buildConfigurations = (
				384A49192575A074002E04CB /* Debug */,
				384A491A2575A074002E04CB /* Release */,
			);
			defaultConfigurationIsVisible = 0;
			defaultConfigurationName = Release;
		};
/* End XCConfigurationList section */

/* Begin XCVersionGroup section */
		384A49782575A359002E04CB /* SummonerTasks.xcdatamodeld */ = {
			isa = XCVersionGroup;
			children = (
				384A49792575A359002E04CB /* Shared.xcdatamodel */,
			);
			currentVersion = 384A49792575A359002E04CB /* Shared.xcdatamodel */;
			path = SummonerTasks.xcdatamodeld;
			sourceTree = "<group>";
			versionGroupType = wrapper.xcdatamodel;
		};
/* End XCVersionGroup section */
	};
	rootObject = 384A48D62575A070002E04CB /* Project object */;
}
